// !$*UTF8*$!
{
	archiveVersion = 1;
	classes = {
	};
	objectVersion = 56;
	objects = {

/* Begin PBXBuildFile section */
		C70A48EE2B1A06AD00C266DE /* Colorize.swift in Sources */ = {isa = PBXBuildFile; fileRef = C70A48ED2B1A06AD00C266DE /* Colorize.swift */; };
		C70A48EF2B1DCCED00C266DE /* Xattr.swift in Sources */ = {isa = PBXBuildFile; fileRef = C78211082A5B21A4008DB106 /* Xattr.swift */; };
		C70A48F02B1DCCED00C266DE /* Xattr.swift in Sources */ = {isa = PBXBuildFile; fileRef = C78211082A5B21A4008DB106 /* Xattr.swift */; };
		C70B5F1A2AC014BF00345739 /* Cocoa.framework in Frameworks */ = {isa = PBXBuildFile; fileRef = C70B5F192AC014BF00345739 /* Cocoa.framework */; };
		C70B5F1D2AC014BF00345739 /* Media.xcassets in Resources */ = {isa = PBXBuildFile; fileRef = C70B5F1C2AC014BF00345739 /* Media.xcassets */; };
		C70B5F212AC014BF00345739 /* ActionRequestHandler.swift in Sources */ = {isa = PBXBuildFile; fileRef = C70B5F202AC014BF00345739 /* ActionRequestHandler.swift */; };
		C70B5F262AC014BF00345739 /* FinderOptimiser.appex in Embed Foundation Extensions */ = {isa = PBXBuildFile; fileRef = C70B5F172AC014BF00345739 /* FinderOptimiser.appex */; settings = {ATTRIBUTES = (RemoveHeadersOnCopy, ); }; };
		C70B5F2C2AC0151300345739 /* icon.icns in Resources */ = {isa = PBXBuildFile; fileRef = C70B5F2B2AC0151300345739 /* icon.icns */; };
		C70B5F312AC029DA00345739 /* Shared.swift in Sources */ = {isa = PBXBuildFile; fileRef = C70B5F302AC029DA00345739 /* Shared.swift */; };
		C70B5F322AC029DA00345739 /* Shared.swift in Sources */ = {isa = PBXBuildFile; fileRef = C70B5F302AC029DA00345739 /* Shared.swift */; };
		C70B5F342AC1B56C00345739 /* Optimisable.swift in Sources */ = {isa = PBXBuildFile; fileRef = C70B5F332AC1B56C00345739 /* Optimisable.swift */; };
		C70DA8E62B0D1FF900DC9F8E /* BatchCropButton.swift in Sources */ = {isa = PBXBuildFile; fileRef = C7976AC72B07B87D00C4246A /* BatchCropButton.swift */; };
		C7319E892AD488CB0085B707 /* Upload to Backblaze.shortcut in Resources */ = {isa = PBXBuildFile; fileRef = C7319E882AD488CB0085B707 /* Upload to Backblaze.shortcut */; };
		C7333E472A98C90500B1D5BE /* PDF.swift in Sources */ = {isa = PBXBuildFile; fileRef = C7333E462A98C90500B1D5BE /* PDF.swift */; };
		C733B3D22A50789C002A0585 /* Video.swift in Sources */ = {isa = PBXBuildFile; fileRef = C733B3D12A50789C002A0585 /* Video.swift */; };
		C735DA022B021D6E001DCAA8 /* Migrations.swift in Sources */ = {isa = PBXBuildFile; fileRef = C735DA012B021D6E001DCAA8 /* Migrations.swift */; };
		C735DA032B021D72001DCAA8 /* Migrations.swift in Sources */ = {isa = PBXBuildFile; fileRef = C735DA012B021D6E001DCAA8 /* Migrations.swift */; };
		C73802022BD1B804001BEE6C /* bin.tar.lrz.sha256 in Resources */ = {isa = PBXBuildFile; fileRef = C73802002BD1B804001BEE6C /* bin.tar.lrz.sha256 */; };
		C73802032BD1B804001BEE6C /* bin.tar.lrz in Resources */ = {isa = PBXBuildFile; fileRef = C73802012BD1B804001BEE6C /* bin.tar.lrz */; };
		C73802052BD1B81A001BEE6C /* lrzip in Resources */ = {isa = PBXBuildFile; fileRef = C73802042BD1B81A001BEE6C /* lrzip */; };
		C73802072BDCD76D001BEE6C /* CompareView.swift in Sources */ = {isa = PBXBuildFile; fileRef = C73802062BDCD76D001BEE6C /* CompareView.swift */; };
		C73802082BDCD773001BEE6C /* CompareView.swift in Sources */ = {isa = PBXBuildFile; fileRef = C73802062BDCD76D001BEE6C /* CompareView.swift */; };
		C7548E7F2B2B9C390002E03D /* Colorize.swift in Sources */ = {isa = PBXBuildFile; fileRef = C70A48ED2B1A06AD00C266DE /* Colorize.swift */; };
		C75FD1BA2AF4324C000B426B /* required.swift in Sources */ = {isa = PBXBuildFile; fileRef = C7DF1A212AB6F6A200AF8EDC /* required.swift */; };
		C75FD1BB2AF4324C000B426B /* Optimisable.swift in Sources */ = {isa = PBXBuildFile; fileRef = C70B5F332AC1B56C00345739 /* Optimisable.swift */; };
		C75FD1BC2AF4324C000B426B /* ContentView.swift in Sources */ = {isa = PBXBuildFile; fileRef = C7AB6626288301590041BEC8 /* ContentView.swift */; };
		C75FD1BD2AF4324C000B426B /* RightClickMenu.swift in Sources */ = {isa = PBXBuildFile; fileRef = C7AB38CA2AC5B10300F299CE /* RightClickMenu.swift */; };
		C75FD1BE2AF4324C000B426B /* CompactResult.swift in Sources */ = {isa = PBXBuildFile; fileRef = C7AB38DB2ACB059200F299CE /* CompactResult.swift */; };
		C75FD1BF2AF4324C000B426B /* Images.swift in Sources */ = {isa = PBXBuildFile; fileRef = C7760AB52A5C4EE500851F8C /* Images.swift */; };
		C75FD1C02AF4324C000B426B /* Automation.swift in Sources */ = {isa = PBXBuildFile; fileRef = C7DF1A292ABB0E9A00AF8EDC /* Automation.swift */; };
		C75FD1C12AF4324C000B426B /* Shared.swift in Sources */ = {isa = PBXBuildFile; fileRef = C70B5F302AC029DA00345739 /* Shared.swift */; };
		C75FD1C22AF4324C000B426B /* FileNameField.swift in Sources */ = {isa = PBXBuildFile; fileRef = C7AB38CF2AC8320B00F299CE /* FileNameField.swift */; };
		C75FD1C32AF4324C000B426B /* PDF.swift in Sources */ = {isa = PBXBuildFile; fileRef = C7333E462A98C90500B1D5BE /* PDF.swift */; };
		C75FD1C42AF4324C000B426B /* Uploads.swift in Sources */ = {isa = PBXBuildFile; fileRef = C78C62602ADEB3E7000519D0 /* Uploads.swift */; };
		C75FD1C52AF4324C000B426B /* FloatingResult.swift in Sources */ = {isa = PBXBuildFile; fileRef = C7D9200B288FE1D200FA0C83 /* FloatingResult.swift */; };
		C75FD1C62AF4324C000B426B /* DropZone.swift in Sources */ = {isa = PBXBuildFile; fileRef = C7AB38D02AC8320B00F299CE /* DropZone.swift */; };
		C75FD1C72AF4324C000B426B /* ClopApp.swift in Sources */ = {isa = PBXBuildFile; fileRef = C7AB6624288301590041BEC8 /* ClopApp.swift */; };
		C75FD1C82AF4324C000B426B /* SettingsView.swift in Sources */ = {isa = PBXBuildFile; fileRef = C7760AB72A5C854600851F8C /* SettingsView.swift */; };
		C75FD1C92AF4324C000B426B /* Video.swift in Sources */ = {isa = PBXBuildFile; fileRef = C733B3D12A50789C002A0585 /* Video.swift */; };
		C75FD1CA2AF4324C000B426B /* ActionButtons.swift in Sources */ = {isa = PBXBuildFile; fileRef = C7AB38DA2ACB059200F299CE /* ActionButtons.swift */; };
		C75FD1CB2AF4324C000B426B /* ResolutionField.swift in Sources */ = {isa = PBXBuildFile; fileRef = C78B2A012AD1F02E00B6A19B /* ResolutionField.swift */; };
		C75FD1CC2AF4324C000B426B /* InstallCLI.swift in Sources */ = {isa = PBXBuildFile; fileRef = C78B29FE2AD0826F00B6A19B /* InstallCLI.swift */; };
		C75FD1CD2AF4324C000B426B /* OptimisationUtils.swift in Sources */ = {isa = PBXBuildFile; fileRef = C7760AC02A5E957700851F8C /* OptimisationUtils.swift */; };
		C75FD1CE2AF4324C000B426B /* NSImageExtensions.swift in Sources */ = {isa = PBXBuildFile; fileRef = C7760ABC2A5E026600851F8C /* NSImageExtensions.swift */; };
		C75FD1CF2AF4324C000B426B /* ClopUtils.swift in Sources */ = {isa = PBXBuildFile; fileRef = C7760ABE2A5E92B800851F8C /* ClopUtils.swift */; };
		C75FD1D02AF4324C000B426B /* Settings.swift in Sources */ = {isa = PBXBuildFile; fileRef = C7760AC22A5FF89B00851F8C /* Settings.swift */; };
		C75FD1D12AF4324C000B426B /* Xattr.swift in Sources */ = {isa = PBXBuildFile; fileRef = C78211082A5B21A4008DB106 /* Xattr.swift */; };
		C75FD1D22AF4324C000B426B /* ClopShortcuts.swift in Sources */ = {isa = PBXBuildFile; fileRef = C7A7DD662A739C7400DA12DF /* ClopShortcuts.swift */; };
		C75FD1D42AF4324C000B426B /* Lowtech in Frameworks */ = {isa = PBXBuildFile; productRef = C75FD1B32AF4324C000B426B /* Lowtech */; };
		C75FD1D62AF4324C000B426B /* Ignore in Frameworks */ = {isa = PBXBuildFile; productRef = C75FD1B72AF4324C000B426B /* Ignore */; };
		C75FD1D92AF4324C000B426B /* Preview Assets.xcassets in Resources */ = {isa = PBXBuildFile; fileRef = C7AB662B2883015A0041BEC8 /* Preview Assets.xcassets */; };
		C75FD1DA2AF4324C000B426B /* Upload to Backblaze.shortcut in Resources */ = {isa = PBXBuildFile; fileRef = C7319E882AD488CB0085B707 /* Upload to Backblaze.shortcut */; };
		C75FD1DB2AF4324C000B426B /* Upload to SSH server.shortcut in Resources */ = {isa = PBXBuildFile; fileRef = C7C8AD612ABC9B34003ECDE6 /* Upload to SSH server.shortcut */; };
		C75FD1DC2AF4324C000B426B /* Clop - PDF.shortcut in Resources */ = {isa = PBXBuildFile; fileRef = C7C8AD5C2ABC78CF003ECDE6 /* Clop - PDF.shortcut */; };
		C75FD1DD2AF4324C000B426B /* Clop - image.shortcut in Resources */ = {isa = PBXBuildFile; fileRef = C7C8AD5D2ABC78CF003ECDE6 /* Clop - image.shortcut */; };
		C75FD1DE2AF4324C000B426B /* Clop - video.shortcut in Resources */ = {isa = PBXBuildFile; fileRef = C7C8AD5B2ABC78CF003ECDE6 /* Clop - video.shortcut */; };
		C75FD1E02AF4324C000B426B /* Assets.xcassets in Resources */ = {isa = PBXBuildFile; fileRef = C7AB66282883015A0041BEC8 /* Assets.xcassets */; };
		C75FD1E22AF4324C000B426B /* Upload with Dropshare.shortcut in Resources */ = {isa = PBXBuildFile; fileRef = C78C62622ADEE250000519D0 /* Upload with Dropshare.shortcut */; };
		C75FD1F22AF434FE000B426B /* CherryPicks.swift in Sources */ = {isa = PBXBuildFile; fileRef = C7AB38CC2AC5E00C00F299CE /* CherryPicks.swift */; };
		C75FD1F32AF434FE000B426B /* Shared.swift in Sources */ = {isa = PBXBuildFile; fileRef = C70B5F302AC029DA00345739 /* Shared.swift */; };
		C75FD1F42AF434FE000B426B /* ActionRequestHandler.swift in Sources */ = {isa = PBXBuildFile; fileRef = C70B5F202AC014BF00345739 /* ActionRequestHandler.swift */; };
		C75FD1F62AF434FE000B426B /* Cocoa.framework in Frameworks */ = {isa = PBXBuildFile; fileRef = C70B5F192AC014BF00345739 /* Cocoa.framework */; };
		C75FD1F82AF434FE000B426B /* Media.xcassets in Resources */ = {isa = PBXBuildFile; fileRef = C70B5F1C2AC014BF00345739 /* Media.xcassets */; };
		C75FD1F92AF434FE000B426B /* icon.icns in Resources */ = {isa = PBXBuildFile; fileRef = C70B5F2B2AC0151300345739 /* icon.icns */; };
		C75FD2032AF4351D000B426B /* CherryPicks.swift in Sources */ = {isa = PBXBuildFile; fileRef = C7AB38CC2AC5E00C00F299CE /* CherryPicks.swift */; };
		C75FD2042AF4351D000B426B /* Shared.swift in Sources */ = {isa = PBXBuildFile; fileRef = C70B5F302AC029DA00345739 /* Shared.swift */; };
		C75FD2052AF4351D000B426B /* main.swift in Sources */ = {isa = PBXBuildFile; fileRef = C7956A412AC208DD00C0EDF2 /* main.swift */; };
		C75FD2072AF4351D000B426B /* ArgumentParser in Frameworks */ = {isa = PBXBuildFile; productRef = C75FD2002AF4351D000B426B /* ArgumentParser */; };
		C75FD20E2AF43581000B426B /* setappPublicKey.pem in Resources */ = {isa = PBXBuildFile; fileRef = C75FD20D2AF43581000B426B /* setappPublicKey.pem */; };
		C7760AB62A5C4EE500851F8C /* Images.swift in Sources */ = {isa = PBXBuildFile; fileRef = C7760AB52A5C4EE500851F8C /* Images.swift */; };
		C7760AB82A5C854600851F8C /* SettingsView.swift in Sources */ = {isa = PBXBuildFile; fileRef = C7760AB72A5C854600851F8C /* SettingsView.swift */; };
		C7760ABD2A5E026600851F8C /* NSImageExtensions.swift in Sources */ = {isa = PBXBuildFile; fileRef = C7760ABC2A5E026600851F8C /* NSImageExtensions.swift */; };
		C7760ABF2A5E92B800851F8C /* ClopUtils.swift in Sources */ = {isa = PBXBuildFile; fileRef = C7760ABE2A5E92B800851F8C /* ClopUtils.swift */; };
		C7760AC12A5E957700851F8C /* OptimisationUtils.swift in Sources */ = {isa = PBXBuildFile; fileRef = C7760AC02A5E957700851F8C /* OptimisationUtils.swift */; };
		C7760AC32A5FF89B00851F8C /* Settings.swift in Sources */ = {isa = PBXBuildFile; fileRef = C7760AC22A5FF89B00851F8C /* Settings.swift */; };
		C781D42E2B44509B0050D04A /* LowtechSetapp in Frameworks */ = {isa = PBXBuildFile; productRef = C781D42D2B44509B0050D04A /* LowtechSetapp */; };
		C78211022A59E371008DB106 /* Lowtech in Frameworks */ = {isa = PBXBuildFile; productRef = C78211012A59E371008DB106 /* Lowtech */; };
		C78211042A59E371008DB106 /* LowtechIndie in Frameworks */ = {isa = PBXBuildFile; productRef = C78211032A59E371008DB106 /* LowtechIndie */; };
		C78211062A59E371008DB106 /* LowtechPro in Frameworks */ = {isa = PBXBuildFile; productRef = C78211052A59E371008DB106 /* LowtechPro */; };
		C78211092A5B21A4008DB106 /* Xattr.swift in Sources */ = {isa = PBXBuildFile; fileRef = C78211082A5B21A4008DB106 /* Xattr.swift */; };
		C78B29FF2AD0826F00B6A19B /* InstallCLI.swift in Sources */ = {isa = PBXBuildFile; fileRef = C78B29FE2AD0826F00B6A19B /* InstallCLI.swift */; };
		C78B2A022AD1F02E00B6A19B /* ResolutionField.swift in Sources */ = {isa = PBXBuildFile; fileRef = C78B2A012AD1F02E00B6A19B /* ResolutionField.swift */; };
		C78C62612ADEB3E7000519D0 /* Uploads.swift in Sources */ = {isa = PBXBuildFile; fileRef = C78C62602ADEB3E7000519D0 /* Uploads.swift */; };
		C78C62632ADEE250000519D0 /* Upload with Dropshare.shortcut in Resources */ = {isa = PBXBuildFile; fileRef = C78C62622ADEE250000519D0 /* Upload with Dropshare.shortcut */; };
		C7956A422AC208DD00C0EDF2 /* main.swift in Sources */ = {isa = PBXBuildFile; fileRef = C7956A412AC208DD00C0EDF2 /* main.swift */; };
		C7956A472AC2094500C0EDF2 /* Shared.swift in Sources */ = {isa = PBXBuildFile; fileRef = C70B5F302AC029DA00345739 /* Shared.swift */; };
		C7956A4A2AC209F200C0EDF2 /* ArgumentParser in Frameworks */ = {isa = PBXBuildFile; productRef = C7956A492AC209F200C0EDF2 /* ArgumentParser */; };
		C7956A4C2AC317D200C0EDF2 /* ClopCLI in Copy Files (1 item) */ = {isa = PBXBuildFile; fileRef = C7956A3F2AC208DD00C0EDF2 /* ClopCLI */; settings = {ATTRIBUTES = (CodeSignOnCopy, ); }; };
		C7976AC82B07B87D00C4246A /* BatchCropButton.swift in Sources */ = {isa = PBXBuildFile; fileRef = C7976AC72B07B87D00C4246A /* BatchCropButton.swift */; };
		C7A7DD672A739C7400DA12DF /* ClopShortcuts.swift in Sources */ = {isa = PBXBuildFile; fileRef = C7A7DD662A739C7400DA12DF /* ClopShortcuts.swift */; };
		C7AB38CB2AC5B10300F299CE /* RightClickMenu.swift in Sources */ = {isa = PBXBuildFile; fileRef = C7AB38CA2AC5B10300F299CE /* RightClickMenu.swift */; };
		C7AB38CD2AC5E00C00F299CE /* CherryPicks.swift in Sources */ = {isa = PBXBuildFile; fileRef = C7AB38CC2AC5E00C00F299CE /* CherryPicks.swift */; };
		C7AB38CE2AC5E00C00F299CE /* CherryPicks.swift in Sources */ = {isa = PBXBuildFile; fileRef = C7AB38CC2AC5E00C00F299CE /* CherryPicks.swift */; };
		C7AB38D12AC8320B00F299CE /* FileNameField.swift in Sources */ = {isa = PBXBuildFile; fileRef = C7AB38CF2AC8320B00F299CE /* FileNameField.swift */; };
		C7AB38D22AC8320B00F299CE /* DropZone.swift in Sources */ = {isa = PBXBuildFile; fileRef = C7AB38D02AC8320B00F299CE /* DropZone.swift */; };
		C7AB38DC2ACB059200F299CE /* ActionButtons.swift in Sources */ = {isa = PBXBuildFile; fileRef = C7AB38DA2ACB059200F299CE /* ActionButtons.swift */; };
		C7AB38DD2ACB059200F299CE /* CompactResult.swift in Sources */ = {isa = PBXBuildFile; fileRef = C7AB38DB2ACB059200F299CE /* CompactResult.swift */; };
		C7AB6625288301590041BEC8 /* ClopApp.swift in Sources */ = {isa = PBXBuildFile; fileRef = C7AB6624288301590041BEC8 /* ClopApp.swift */; };
		C7AB6627288301590041BEC8 /* ContentView.swift in Sources */ = {isa = PBXBuildFile; fileRef = C7AB6626288301590041BEC8 /* ContentView.swift */; };
		C7AB66292883015A0041BEC8 /* Assets.xcassets in Resources */ = {isa = PBXBuildFile; fileRef = C7AB66282883015A0041BEC8 /* Assets.xcassets */; };
		C7AB662C2883015A0041BEC8 /* Preview Assets.xcassets in Resources */ = {isa = PBXBuildFile; fileRef = C7AB662B2883015A0041BEC8 /* Preview Assets.xcassets */; };
		C7C8AD5E2ABC78CF003ECDE6 /* Clop - video.shortcut in Resources */ = {isa = PBXBuildFile; fileRef = C7C8AD5B2ABC78CF003ECDE6 /* Clop - video.shortcut */; };
		C7C8AD5F2ABC78CF003ECDE6 /* Clop - PDF.shortcut in Resources */ = {isa = PBXBuildFile; fileRef = C7C8AD5C2ABC78CF003ECDE6 /* Clop - PDF.shortcut */; };
		C7C8AD602ABC78CF003ECDE6 /* Clop - image.shortcut in Resources */ = {isa = PBXBuildFile; fileRef = C7C8AD5D2ABC78CF003ECDE6 /* Clop - image.shortcut */; };
		C7C8AD622ABC9B34003ECDE6 /* Upload to SSH server.shortcut in Resources */ = {isa = PBXBuildFile; fileRef = C7C8AD612ABC9B34003ECDE6 /* Upload to SSH server.shortcut */; };
		C7D9200C288FE1D200FA0C83 /* FloatingResult.swift in Sources */ = {isa = PBXBuildFile; fileRef = C7D9200B288FE1D200FA0C83 /* FloatingResult.swift */; };
		C7DF1A222AB6F6A200AF8EDC /* required.swift in Sources */ = {isa = PBXBuildFile; fileRef = C7DF1A212AB6F6A200AF8EDC /* required.swift */; };
		C7DF1A282AB8885600AF8EDC /* Ignore in Frameworks */ = {isa = PBXBuildFile; productRef = C7DF1A272AB8885600AF8EDC /* Ignore */; };
		C7DF1A2A2ABB0E9A00AF8EDC /* Automation.swift in Sources */ = {isa = PBXBuildFile; fileRef = C7DF1A292ABB0E9A00AF8EDC /* Automation.swift */; };
		C7E1F5912C58122F00F83036 /* lrzip in Resources */ = {isa = PBXBuildFile; fileRef = C73802042BD1B81A001BEE6C /* lrzip */; };
		C7E1F5922C58122F00F83036 /* bin.tar.lrz in Resources */ = {isa = PBXBuildFile; fileRef = C73802012BD1B804001BEE6C /* bin.tar.lrz */; };
		C7E1F5932C58122F00F83036 /* bin.tar.lrz.sha256 in Resources */ = {isa = PBXBuildFile; fileRef = C73802002BD1B804001BEE6C /* bin.tar.lrz.sha256 */; };
		C7EE11372AF5737F0060A0A9 /* FinderOptimiser-setapp.appex in Embed Foundation Extensions */ = {isa = PBXBuildFile; fileRef = C75FD1FD2AF434FE000B426B /* FinderOptimiser-setapp.appex */; settings = {ATTRIBUTES = (RemoveHeadersOnCopy, ); }; };
		C7EE11382AF573870060A0A9 /* ClopCLI-setapp in Copy Files (1 item) */ = {isa = PBXBuildFile; fileRef = C75FD20C2AF4351D000B426B /* ClopCLI-setapp */; settings = {ATTRIBUTES = (CodeSignOnCopy, ); }; };
		C7EFD28C2B22577100A6D843 /* Onboarding.swift in Sources */ = {isa = PBXBuildFile; fileRef = C7EFD28B2B22577100A6D843 /* Onboarding.swift */; };
		C7EFD28D2B22577100A6D843 /* Onboarding.swift in Sources */ = {isa = PBXBuildFile; fileRef = C7EFD28B2B22577100A6D843 /* Onboarding.swift */; };
/* End PBXBuildFile section */

/* Begin PBXContainerItemProxy section */
		C70B5F242AC014BF00345739 /* PBXContainerItemProxy */ = {
			isa = PBXContainerItemProxy;
			containerPortal = C7AB6619288301590041BEC8 /* Project object */;
			proxyType = 1;
			remoteGlobalIDString = C70B5F162AC014BF00345739;
			remoteInfo = FinderOptimiser;
		};
		C75FD1B02AF4324C000B426B /* PBXContainerItemProxy */ = {
			isa = PBXContainerItemProxy;
			containerPortal = C7AB6619288301590041BEC8 /* Project object */;
			proxyType = 1;
			remoteGlobalIDString = C7956A3E2AC208DD00C0EDF2;
			remoteInfo = ClopCLI;
		};
		C75FD1B22AF4324C000B426B /* PBXContainerItemProxy */ = {
			isa = PBXContainerItemProxy;
			containerPortal = C7AB6619288301590041BEC8 /* Project object */;
			proxyType = 1;
			remoteGlobalIDString = C70B5F162AC014BF00345739;
			remoteInfo = FinderOptimiser;
		};
		C78B29FC2AD07B5300B6A19B /* PBXContainerItemProxy */ = {
			isa = PBXContainerItemProxy;
			containerPortal = C7AB6619288301590041BEC8 /* Project object */;
			proxyType = 1;
			remoteGlobalIDString = C7956A3E2AC208DD00C0EDF2;
			remoteInfo = ClopCLI;
		};
/* End PBXContainerItemProxy section */

/* Begin PBXCopyFilesBuildPhase section */
		C70B5F2A2AC014BF00345739 /* Embed Foundation Extensions */ = {
			isa = PBXCopyFilesBuildPhase;
			buildActionMask = 2147483647;
			dstPath = "";
			dstSubfolderSpec = 13;
			files = (
				C70B5F262AC014BF00345739 /* FinderOptimiser.appex in Embed Foundation Extensions */,
			);
			name = "Embed Foundation Extensions";
			runOnlyForDeploymentPostprocessing = 0;
		};
		C75FD1E42AF4324C000B426B /* Embed Foundation Extensions */ = {
			isa = PBXCopyFilesBuildPhase;
			buildActionMask = 2147483647;
			dstPath = "";
			dstSubfolderSpec = 13;
			files = (
				C7EE11372AF5737F0060A0A9 /* FinderOptimiser-setapp.appex in Embed Foundation Extensions */,
			);
			name = "Embed Foundation Extensions";
			runOnlyForDeploymentPostprocessing = 0;
		};
		C75FD1E62AF4324C000B426B /* Copy Files (1 item) */ = {
			isa = PBXCopyFilesBuildPhase;
			buildActionMask = 2147483647;
			dstPath = "";
			dstSubfolderSpec = 12;
			files = (
				C7EE11382AF573870060A0A9 /* ClopCLI-setapp in Copy Files (1 item) */,
			);
			name = "Copy Files (1 item)";
			runOnlyForDeploymentPostprocessing = 0;
		};
		C75FD2082AF4351D000B426B /* CopyFiles */ = {
			isa = PBXCopyFilesBuildPhase;
			buildActionMask = 2147483647;
			dstPath = /usr/share/man/man1/;
			dstSubfolderSpec = 0;
			files = (
			);
			runOnlyForDeploymentPostprocessing = 1;
		};
		C7956A3D2AC208DD00C0EDF2 /* CopyFiles */ = {
			isa = PBXCopyFilesBuildPhase;
			buildActionMask = 2147483647;
			dstPath = /usr/share/man/man1/;
			dstSubfolderSpec = 0;
			files = (
			);
			runOnlyForDeploymentPostprocessing = 1;
		};
		C7956A4B2AC317C100C0EDF2 /* Copy Files (1 item) */ = {
			isa = PBXCopyFilesBuildPhase;
			buildActionMask = 2147483647;
			dstPath = "";
			dstSubfolderSpec = 12;
			files = (
				C7956A4C2AC317D200C0EDF2 /* ClopCLI in Copy Files (1 item) */,
			);
			name = "Copy Files (1 item)";
			runOnlyForDeploymentPostprocessing = 0;
		};
/* End PBXCopyFilesBuildPhase section */

/* Begin PBXFileReference section */
		C70A48ED2B1A06AD00C266DE /* Colorize.swift */ = {isa = PBXFileReference; fileEncoding = 4; lastKnownFileType = sourcecode.swift; path = Colorize.swift; sourceTree = "<group>"; };
		C70B5F172AC014BF00345739 /* FinderOptimiser.appex */ = {isa = PBXFileReference; explicitFileType = "wrapper.app-extension"; includeInIndex = 0; path = FinderOptimiser.appex; sourceTree = BUILT_PRODUCTS_DIR; };
		C70B5F192AC014BF00345739 /* Cocoa.framework */ = {isa = PBXFileReference; lastKnownFileType = wrapper.framework; name = Cocoa.framework; path = System/Library/Frameworks/Cocoa.framework; sourceTree = SDKROOT; };
		C70B5F1C2AC014BF00345739 /* Media.xcassets */ = {isa = PBXFileReference; lastKnownFileType = folder.assetcatalog; path = Media.xcassets; sourceTree = "<group>"; };
		C70B5F202AC014BF00345739 /* ActionRequestHandler.swift */ = {isa = PBXFileReference; lastKnownFileType = sourcecode.swift; path = ActionRequestHandler.swift; sourceTree = "<group>"; };
		C70B5F222AC014BF00345739 /* Info.plist */ = {isa = PBXFileReference; lastKnownFileType = text.plist.xml; path = Info.plist; sourceTree = "<group>"; };
		C70B5F232AC014BF00345739 /* FinderOptimiser.entitlements */ = {isa = PBXFileReference; lastKnownFileType = text.plist.entitlements; path = FinderOptimiser.entitlements; sourceTree = "<group>"; };
		C70B5F2B2AC0151300345739 /* icon.icns */ = {isa = PBXFileReference; lastKnownFileType = image.icns; path = icon.icns; sourceTree = "<group>"; };
		C70B5F302AC029DA00345739 /* Shared.swift */ = {isa = PBXFileReference; lastKnownFileType = sourcecode.swift; path = Shared.swift; sourceTree = "<group>"; };
		C70B5F332AC1B56C00345739 /* Optimisable.swift */ = {isa = PBXFileReference; lastKnownFileType = sourcecode.swift; path = Optimisable.swift; sourceTree = "<group>"; };
		C724D4CB2A8FCE9C00C6321F /* ExceptionCatcher.h */ = {isa = PBXFileReference; lastKnownFileType = sourcecode.c.h; path = ExceptionCatcher.h; sourceTree = "<group>"; };
		C724D4CC2A8FCEEC00C6321F /* Clop-Bridging-Header.h */ = {isa = PBXFileReference; lastKnownFileType = sourcecode.c.h; path = "Clop-Bridging-Header.h"; sourceTree = "<group>"; };
		C7319E882AD488CB0085B707 /* Upload to Backblaze.shortcut */ = {isa = PBXFileReference; lastKnownFileType = file; path = "Upload to Backblaze.shortcut"; sourceTree = "<group>"; };
		C7333E462A98C90500B1D5BE /* PDF.swift */ = {isa = PBXFileReference; fileEncoding = 4; lastKnownFileType = sourcecode.swift; path = PDF.swift; sourceTree = "<group>"; };
		C733B3D12A50789C002A0585 /* Video.swift */ = {isa = PBXFileReference; fileEncoding = 4; lastKnownFileType = sourcecode.swift; path = Video.swift; sourceTree = "<group>"; };
		C735DA012B021D6E001DCAA8 /* Migrations.swift */ = {isa = PBXFileReference; fileEncoding = 4; lastKnownFileType = sourcecode.swift; path = Migrations.swift; sourceTree = "<group>"; };
		C73802002BD1B804001BEE6C /* bin.tar.lrz.sha256 */ = {isa = PBXFileReference; fileEncoding = 4; lastKnownFileType = text; path = bin.tar.lrz.sha256; sourceTree = "<group>"; };
		C73802012BD1B804001BEE6C /* bin.tar.lrz */ = {isa = PBXFileReference; lastKnownFileType = file; path = bin.tar.lrz; sourceTree = "<group>"; };
		C73802042BD1B81A001BEE6C /* lrzip */ = {isa = PBXFileReference; fileEncoding = 4; lastKnownFileType = text; path = lrzip; sourceTree = SOURCE_ROOT; };
		C73802062BDCD76D001BEE6C /* CompareView.swift */ = {isa = PBXFileReference; fileEncoding = 4; lastKnownFileType = sourcecode.swift; path = CompareView.swift; sourceTree = "<group>"; };
		C75FD1EB2AF4324C000B426B /* Clop.app */ = {isa = PBXFileReference; explicitFileType = wrapper.application; includeInIndex = 0; path = Clop.app; sourceTree = BUILT_PRODUCTS_DIR; };
		C75FD1FD2AF434FE000B426B /* FinderOptimiser-setapp.appex */ = {isa = PBXFileReference; explicitFileType = "wrapper.app-extension"; includeInIndex = 0; path = "FinderOptimiser-setapp.appex"; sourceTree = BUILT_PRODUCTS_DIR; };
		C75FD20C2AF4351D000B426B /* ClopCLI-setapp */ = {isa = PBXFileReference; explicitFileType = "compiled.mach-o.executable"; includeInIndex = 0; path = "ClopCLI-setapp"; sourceTree = BUILT_PRODUCTS_DIR; };
		C75FD20D2AF43581000B426B /* setappPublicKey.pem */ = {isa = PBXFileReference; fileEncoding = 4; lastKnownFileType = text; path = setappPublicKey.pem; sourceTree = "<group>"; };
		C75FD20F2AF4363A000B426B /* Info-setapp.plist */ = {isa = PBXFileReference; fileEncoding = 4; lastKnownFileType = text.plist.xml; path = "Info-setapp.plist"; sourceTree = "<group>"; };
		C7760AB52A5C4EE500851F8C /* Images.swift */ = {isa = PBXFileReference; lastKnownFileType = sourcecode.swift; path = Images.swift; sourceTree = "<group>"; };
		C7760AB72A5C854600851F8C /* SettingsView.swift */ = {isa = PBXFileReference; lastKnownFileType = sourcecode.swift; path = SettingsView.swift; sourceTree = "<group>"; };
		C7760ABC2A5E026600851F8C /* NSImageExtensions.swift */ = {isa = PBXFileReference; lastKnownFileType = sourcecode.swift; path = NSImageExtensions.swift; sourceTree = "<group>"; };
		C7760ABE2A5E92B800851F8C /* ClopUtils.swift */ = {isa = PBXFileReference; lastKnownFileType = sourcecode.swift; path = ClopUtils.swift; sourceTree = "<group>"; };
		C7760AC02A5E957700851F8C /* OptimisationUtils.swift */ = {isa = PBXFileReference; lastKnownFileType = sourcecode.swift; path = OptimisationUtils.swift; sourceTree = "<group>"; };
		C7760AC22A5FF89B00851F8C /* Settings.swift */ = {isa = PBXFileReference; lastKnownFileType = sourcecode.swift; path = Settings.swift; sourceTree = "<group>"; };
		C78211082A5B21A4008DB106 /* Xattr.swift */ = {isa = PBXFileReference; lastKnownFileType = sourcecode.swift; path = Xattr.swift; sourceTree = "<group>"; };
		C78B29FE2AD0826F00B6A19B /* InstallCLI.swift */ = {isa = PBXFileReference; fileEncoding = 4; lastKnownFileType = sourcecode.swift; path = InstallCLI.swift; sourceTree = "<group>"; };
		C78B2A012AD1F02E00B6A19B /* ResolutionField.swift */ = {isa = PBXFileReference; fileEncoding = 4; lastKnownFileType = sourcecode.swift; path = ResolutionField.swift; sourceTree = "<group>"; };
		C78C62602ADEB3E7000519D0 /* Uploads.swift */ = {isa = PBXFileReference; fileEncoding = 4; lastKnownFileType = sourcecode.swift; path = Uploads.swift; sourceTree = "<group>"; };
		C78C62622ADEE250000519D0 /* Upload with Dropshare.shortcut */ = {isa = PBXFileReference; lastKnownFileType = file; path = "Upload with Dropshare.shortcut"; sourceTree = "<group>"; };
		C7956A3F2AC208DD00C0EDF2 /* ClopCLI */ = {isa = PBXFileReference; explicitFileType = "compiled.mach-o.executable"; includeInIndex = 0; path = ClopCLI; sourceTree = BUILT_PRODUCTS_DIR; };
		C7956A412AC208DD00C0EDF2 /* main.swift */ = {isa = PBXFileReference; lastKnownFileType = sourcecode.swift; path = main.swift; sourceTree = "<group>"; };
		C7956A4D2AC3553900C0EDF2 /* ClopCLI.entitlements */ = {isa = PBXFileReference; lastKnownFileType = text.plist.entitlements; path = ClopCLI.entitlements; sourceTree = "<group>"; };
		C7976AC72B07B87D00C4246A /* BatchCropButton.swift */ = {isa = PBXFileReference; fileEncoding = 4; lastKnownFileType = sourcecode.swift; path = BatchCropButton.swift; sourceTree = "<group>"; };
		C7A7DD662A739C7400DA12DF /* ClopShortcuts.swift */ = {isa = PBXFileReference; lastKnownFileType = sourcecode.swift; path = ClopShortcuts.swift; sourceTree = "<group>"; };
		C7AB38CA2AC5B10300F299CE /* RightClickMenu.swift */ = {isa = PBXFileReference; lastKnownFileType = sourcecode.swift; path = RightClickMenu.swift; sourceTree = "<group>"; };
		C7AB38CC2AC5E00C00F299CE /* CherryPicks.swift */ = {isa = PBXFileReference; lastKnownFileType = sourcecode.swift; path = CherryPicks.swift; sourceTree = "<group>"; };
		C7AB38CF2AC8320B00F299CE /* FileNameField.swift */ = {isa = PBXFileReference; fileEncoding = 4; lastKnownFileType = sourcecode.swift; path = FileNameField.swift; sourceTree = "<group>"; };
		C7AB38D02AC8320B00F299CE /* DropZone.swift */ = {isa = PBXFileReference; fileEncoding = 4; lastKnownFileType = sourcecode.swift; path = DropZone.swift; sourceTree = "<group>"; };
		C7AB38D32AC8AA8900F299CE /* CoreBrightness.framework */ = {isa = PBXFileReference; lastKnownFileType = wrapper.framework; name = CoreBrightness.framework; path = ../../../../../System/Library/PrivateFrameworks/CoreBrightness.framework; sourceTree = "<group>"; };
		C7AB38DA2ACB059200F299CE /* ActionButtons.swift */ = {isa = PBXFileReference; fileEncoding = 4; lastKnownFileType = sourcecode.swift; path = ActionButtons.swift; sourceTree = "<group>"; };
		C7AB38DB2ACB059200F299CE /* CompactResult.swift */ = {isa = PBXFileReference; fileEncoding = 4; lastKnownFileType = sourcecode.swift; path = CompactResult.swift; sourceTree = "<group>"; };
		C7AB6621288301590041BEC8 /* Clop.app */ = {isa = PBXFileReference; explicitFileType = wrapper.application; includeInIndex = 0; path = Clop.app; sourceTree = BUILT_PRODUCTS_DIR; };
		C7AB6624288301590041BEC8 /* ClopApp.swift */ = {isa = PBXFileReference; lastKnownFileType = sourcecode.swift; path = ClopApp.swift; sourceTree = "<group>"; };
		C7AB6626288301590041BEC8 /* ContentView.swift */ = {isa = PBXFileReference; lastKnownFileType = sourcecode.swift; path = ContentView.swift; sourceTree = "<group>"; };
		C7AB66282883015A0041BEC8 /* Assets.xcassets */ = {isa = PBXFileReference; lastKnownFileType = folder.assetcatalog; path = Assets.xcassets; sourceTree = "<group>"; };
		C7AB662B2883015A0041BEC8 /* Preview Assets.xcassets */ = {isa = PBXFileReference; lastKnownFileType = folder.assetcatalog; path = "Preview Assets.xcassets"; sourceTree = "<group>"; };
		C7AB662D2883015A0041BEC8 /* Clop.entitlements */ = {isa = PBXFileReference; lastKnownFileType = text.plist.entitlements; path = Clop.entitlements; sourceTree = "<group>"; };
		C7AB663A288460F30041BEC8 /* Info.plist */ = {isa = PBXFileReference; lastKnownFileType = text.plist; path = Info.plist; sourceTree = "<group>"; };
		C7AD8E8A2C2463CE008E4182 /* Lowtech */ = {isa = PBXFileReference; lastKnownFileType = wrapper; name = Lowtech; path = ../Lowtech; sourceTree = "<group>"; };
		C7C066702AF620A8004237F8 /* ClopCLI-setapp.entitlements */ = {isa = PBXFileReference; fileEncoding = 4; lastKnownFileType = text.plist.entitlements; path = "ClopCLI-setapp.entitlements"; sourceTree = "<group>"; };
		C7C066712AF620A8004237F8 /* FinderOptimiser-setapp.entitlements */ = {isa = PBXFileReference; fileEncoding = 4; lastKnownFileType = text.plist.entitlements; path = "FinderOptimiser-setapp.entitlements"; sourceTree = "<group>"; };
		C7C066722AF620A8004237F8 /* Setapp.entitlements */ = {isa = PBXFileReference; fileEncoding = 4; lastKnownFileType = text.plist.entitlements; path = Setapp.entitlements; sourceTree = "<group>"; };
		C7C8AD5B2ABC78CF003ECDE6 /* Clop - video.shortcut */ = {isa = PBXFileReference; lastKnownFileType = file; path = "Clop - video.shortcut"; sourceTree = "<group>"; };
		C7C8AD5C2ABC78CF003ECDE6 /* Clop - PDF.shortcut */ = {isa = PBXFileReference; lastKnownFileType = file; path = "Clop - PDF.shortcut"; sourceTree = "<group>"; };
		C7C8AD5D2ABC78CF003ECDE6 /* Clop - image.shortcut */ = {isa = PBXFileReference; lastKnownFileType = file; path = "Clop - image.shortcut"; sourceTree = "<group>"; };
		C7C8AD612ABC9B34003ECDE6 /* Upload to SSH server.shortcut */ = {isa = PBXFileReference; lastKnownFileType = file; path = "Upload to SSH server.shortcut"; sourceTree = "<group>"; };
		C7D9200B288FE1D200FA0C83 /* FloatingResult.swift */ = {isa = PBXFileReference; lastKnownFileType = sourcecode.swift; path = FloatingResult.swift; sourceTree = "<group>"; };
		C7DF1A212AB6F6A200AF8EDC /* required.swift */ = {isa = PBXFileReference; fileEncoding = 4; lastKnownFileType = sourcecode.swift; path = required.swift; sourceTree = "<group>"; };
		C7DF1A292ABB0E9A00AF8EDC /* Automation.swift */ = {isa = PBXFileReference; fileEncoding = 4; lastKnownFileType = sourcecode.swift; path = Automation.swift; sourceTree = "<group>"; };
		C7EFD28B2B22577100A6D843 /* Onboarding.swift */ = {isa = PBXFileReference; lastKnownFileType = sourcecode.swift; path = Onboarding.swift; sourceTree = "<group>"; };
/* End PBXFileReference section */

/* Begin PBXFrameworksBuildPhase section */
		C70B5F142AC014BF00345739 /* Frameworks */ = {
			isa = PBXFrameworksBuildPhase;
			buildActionMask = 2147483647;
			files = (
				C70B5F1A2AC014BF00345739 /* Cocoa.framework in Frameworks */,
			);
			runOnlyForDeploymentPostprocessing = 0;
		};
		C75FD1D32AF4324C000B426B /* Frameworks */ = {
			isa = PBXFrameworksBuildPhase;
			buildActionMask = 2147483647;
			files = (
				C781D42E2B44509B0050D04A /* LowtechSetapp in Frameworks */,
				C75FD1D42AF4324C000B426B /* Lowtech in Frameworks */,
				C75FD1D62AF4324C000B426B /* Ignore in Frameworks */,
			);
			runOnlyForDeploymentPostprocessing = 0;
		};
		C75FD1F52AF434FE000B426B /* Frameworks */ = {
			isa = PBXFrameworksBuildPhase;
			buildActionMask = 2147483647;
			files = (
				C75FD1F62AF434FE000B426B /* Cocoa.framework in Frameworks */,
			);
			runOnlyForDeploymentPostprocessing = 0;
		};
		C75FD2062AF4351D000B426B /* Frameworks */ = {
			isa = PBXFrameworksBuildPhase;
			buildActionMask = 2147483647;
			files = (
				C75FD2072AF4351D000B426B /* ArgumentParser in Frameworks */,
			);
			runOnlyForDeploymentPostprocessing = 0;
		};
		C7956A3C2AC208DD00C0EDF2 /* Frameworks */ = {
			isa = PBXFrameworksBuildPhase;
			buildActionMask = 2147483647;
			files = (
				C7956A4A2AC209F200C0EDF2 /* ArgumentParser in Frameworks */,
			);
			runOnlyForDeploymentPostprocessing = 0;
		};
		C7AB661E288301590041BEC8 /* Frameworks */ = {
			isa = PBXFrameworksBuildPhase;
			buildActionMask = 2147483647;
			files = (
				C78211022A59E371008DB106 /* Lowtech in Frameworks */,
				C78211042A59E371008DB106 /* LowtechIndie in Frameworks */,
				C7DF1A282AB8885600AF8EDC /* Ignore in Frameworks */,
				C78211062A59E371008DB106 /* LowtechPro in Frameworks */,
			);
			runOnlyForDeploymentPostprocessing = 0;
		};
/* End PBXFrameworksBuildPhase section */

/* Begin PBXGroup section */
		C70B5F182AC014BF00345739 /* Frameworks */ = {
			isa = PBXGroup;
			children = (
				C7AB38D32AC8AA8900F299CE /* CoreBrightness.framework */,
				C70B5F192AC014BF00345739 /* Cocoa.framework */,
			);
			name = Frameworks;
			sourceTree = "<group>";
		};
		C70B5F1B2AC014BF00345739 /* FinderOptimiser */ = {
			isa = PBXGroup;
			children = (
				C70B5F1C2AC014BF00345739 /* Media.xcassets */,
				C70B5F2B2AC0151300345739 /* icon.icns */,
				C70B5F202AC014BF00345739 /* ActionRequestHandler.swift */,
				C70B5F222AC014BF00345739 /* Info.plist */,
				C70B5F232AC014BF00345739 /* FinderOptimiser.entitlements */,
			);
			path = FinderOptimiser;
			sourceTree = "<group>";
		};
		C7956A402AC208DD00C0EDF2 /* ClopCLI */ = {
			isa = PBXGroup;
			children = (
				C70A48ED2B1A06AD00C266DE /* Colorize.swift */,
				C7956A4D2AC3553900C0EDF2 /* ClopCLI.entitlements */,
				C7956A412AC208DD00C0EDF2 /* main.swift */,
			);
			path = ClopCLI;
			sourceTree = "<group>";
		};
		C7AB6618288301590041BEC8 = {
			isa = PBXGroup;
			children = (
				C7AD8E8A2C2463CE008E4182 /* Lowtech */,
				C70B5F302AC029DA00345739 /* Shared.swift */,
				C7C0666F2AF62055004237F8 /* Setapp */,
				C7AB6623288301590041BEC8 /* Clop */,
				C70B5F1B2AC014BF00345739 /* FinderOptimiser */,
				C7956A402AC208DD00C0EDF2 /* ClopCLI */,
				C70B5F182AC014BF00345739 /* Frameworks */,
				C7AB6622288301590041BEC8 /* Products */,
			);
			sourceTree = "<group>";
		};
		C7AB6622288301590041BEC8 /* Products */ = {
			isa = PBXGroup;
			children = (
				C7AB6621288301590041BEC8 /* Clop.app */,
				C70B5F172AC014BF00345739 /* FinderOptimiser.appex */,
				C7956A3F2AC208DD00C0EDF2 /* ClopCLI */,
				C75FD1EB2AF4324C000B426B /* Clop.app */,
				C75FD1FD2AF434FE000B426B /* FinderOptimiser-setapp.appex */,
				C75FD20C2AF4351D000B426B /* ClopCLI-setapp */,
			);
			name = Products;
			sourceTree = "<group>";
		};
		C7AB6623288301590041BEC8 /* Clop */ = {
			isa = PBXGroup;
			children = (
				C73802062BDCD76D001BEE6C /* CompareView.swift */,
				C7976AC72B07B87D00C4246A /* BatchCropButton.swift */,
				C735DA012B021D6E001DCAA8 /* Migrations.swift */,
				C7AB38DA2ACB059200F299CE /* ActionButtons.swift */,
				C7DF1A292ABB0E9A00AF8EDC /* Automation.swift */,
				C7AB38CC2AC5E00C00F299CE /* CherryPicks.swift */,
				C7AB6624288301590041BEC8 /* ClopApp.swift */,
				C7A7DD662A739C7400DA12DF /* ClopShortcuts.swift */,
				C7760ABE2A5E92B800851F8C /* ClopUtils.swift */,
				C7AB38DB2ACB059200F299CE /* CompactResult.swift */,
				C7AB6626288301590041BEC8 /* ContentView.swift */,
				C7AB38D02AC8320B00F299CE /* DropZone.swift */,
				C7AB38CF2AC8320B00F299CE /* FileNameField.swift */,
				C7D9200B288FE1D200FA0C83 /* FloatingResult.swift */,
				C7760AB52A5C4EE500851F8C /* Images.swift */,
				C78B29FE2AD0826F00B6A19B /* InstallCLI.swift */,
				C7760ABC2A5E026600851F8C /* NSImageExtensions.swift */,
				C70B5F332AC1B56C00345739 /* Optimisable.swift */,
				C7760AC02A5E957700851F8C /* OptimisationUtils.swift */,
				C7333E462A98C90500B1D5BE /* PDF.swift */,
				C7DF1A212AB6F6A200AF8EDC /* required.swift */,
				C78B2A012AD1F02E00B6A19B /* ResolutionField.swift */,
				C7AB38CA2AC5B10300F299CE /* RightClickMenu.swift */,
				C7760AC22A5FF89B00851F8C /* Settings.swift */,
				C7760AB72A5C854600851F8C /* SettingsView.swift */,
				C78C62602ADEB3E7000519D0 /* Uploads.swift */,
				C733B3D12A50789C002A0585 /* Video.swift */,
				C78211082A5B21A4008DB106 /* Xattr.swift */,
				C724D4CB2A8FCE9C00C6321F /* ExceptionCatcher.h */,
				C724D4CC2A8FCEEC00C6321F /* Clop-Bridging-Header.h */,
				C7AB66282883015A0041BEC8 /* Assets.xcassets */,
				C7AB663A288460F30041BEC8 /* Info.plist */,
				C7AB662D2883015A0041BEC8 /* Clop.entitlements */,
				C7C8AD5A2ABC78CF003ECDE6 /* Shortcuts */,
				C7AB662A2883015A0041BEC8 /* Preview Content */,
				C7EFD28B2B22577100A6D843 /* Onboarding.swift */,
				C73802042BD1B81A001BEE6C /* lrzip */,
				C73802012BD1B804001BEE6C /* bin.tar.lrz */,
				C73802002BD1B804001BEE6C /* bin.tar.lrz.sha256 */,
			);
			path = Clop;
			sourceTree = "<group>";
		};
		C7AB662A2883015A0041BEC8 /* Preview Content */ = {
			isa = PBXGroup;
			children = (
				C7AB662B2883015A0041BEC8 /* Preview Assets.xcassets */,
			);
			path = "Preview Content";
			sourceTree = "<group>";
		};
		C7C0666F2AF62055004237F8 /* Setapp */ = {
			isa = PBXGroup;
			children = (
				C7C066702AF620A8004237F8 /* ClopCLI-setapp.entitlements */,
				C7C066712AF620A8004237F8 /* FinderOptimiser-setapp.entitlements */,
				C7C066722AF620A8004237F8 /* Setapp.entitlements */,
				C75FD20D2AF43581000B426B /* setappPublicKey.pem */,
				C75FD20F2AF4363A000B426B /* Info-setapp.plist */,
			);
			path = Setapp;
			sourceTree = "<group>";
		};
		C7C8AD5A2ABC78CF003ECDE6 /* Shortcuts */ = {
			isa = PBXGroup;
			children = (
				C78C62622ADEE250000519D0 /* Upload with Dropshare.shortcut */,
				C7C8AD612ABC9B34003ECDE6 /* Upload to SSH server.shortcut */,
				C7319E882AD488CB0085B707 /* Upload to Backblaze.shortcut */,
				C7C8AD5B2ABC78CF003ECDE6 /* Clop - video.shortcut */,
				C7C8AD5C2ABC78CF003ECDE6 /* Clop - PDF.shortcut */,
				C7C8AD5D2ABC78CF003ECDE6 /* Clop - image.shortcut */,
			);
			path = Shortcuts;
			sourceTree = "<group>";
		};
/* End PBXGroup section */

/* Begin PBXNativeTarget section */
		C70B5F162AC014BF00345739 /* FinderOptimiser */ = {
			isa = PBXNativeTarget;
			buildConfigurationList = C70B5F272AC014BF00345739 /* Build configuration list for PBXNativeTarget "FinderOptimiser" */;
			buildPhases = (
				C70B5F132AC014BF00345739 /* Sources */,
				C70B5F142AC014BF00345739 /* Frameworks */,
				C70B5F152AC014BF00345739 /* Resources */,
			);
			buildRules = (
			);
			dependencies = (
			);
			name = FinderOptimiser;
			productName = FinderOptimiser;
			productReference = C70B5F172AC014BF00345739 /* FinderOptimiser.appex */;
			productType = "com.apple.product-type.app-extension";
		};
		C75FD1AE2AF4324C000B426B /* Setapp */ = {
			isa = PBXNativeTarget;
			buildConfigurationList = C75FD1E82AF4324C000B426B /* Build configuration list for PBXNativeTarget "Setapp" */;
			buildPhases = (
				C75FD1B92AF4324C000B426B /* Sources */,
				C75FD1D32AF4324C000B426B /* Frameworks */,
				C75FD1D82AF4324C000B426B /* Resources */,
				C75FD1E42AF4324C000B426B /* Embed Foundation Extensions */,
				C75FD1E62AF4324C000B426B /* Copy Files (1 item) */,
			);
			buildRules = (
			);
			dependencies = (
				C75FD1AF2AF4324C000B426B /* PBXTargetDependency */,
				C75FD1B12AF4324C000B426B /* PBXTargetDependency */,
			);
			name = Setapp;
			packageProductDependencies = (
				C75FD1B32AF4324C000B426B /* Lowtech */,
				C75FD1B72AF4324C000B426B /* Ignore */,
				C781D42D2B44509B0050D04A /* LowtechSetapp */,
			);
			productName = Clop;
			productReference = C75FD1EB2AF4324C000B426B /* Clop.app */;
			productType = "com.apple.product-type.application";
		};
		C75FD1F02AF434FE000B426B /* FinderOptimiser-setapp */ = {
			isa = PBXNativeTarget;
			buildConfigurationList = C75FD1FA2AF434FE000B426B /* Build configuration list for PBXNativeTarget "FinderOptimiser-setapp" */;
			buildPhases = (
				C75FD1F12AF434FE000B426B /* Sources */,
				C75FD1F52AF434FE000B426B /* Frameworks */,
				C75FD1F72AF434FE000B426B /* Resources */,
			);
			buildRules = (
			);
			dependencies = (
			);
			name = "FinderOptimiser-setapp";
			productName = FinderOptimiser;
			productReference = C75FD1FD2AF434FE000B426B /* FinderOptimiser-setapp.appex */;
			productType = "com.apple.product-type.app-extension";
		};
		C75FD1FF2AF4351D000B426B /* ClopCLI-setapp */ = {
			isa = PBXNativeTarget;
			buildConfigurationList = C75FD2092AF4351D000B426B /* Build configuration list for PBXNativeTarget "ClopCLI-setapp" */;
			buildPhases = (
				C75FD2022AF4351D000B426B /* Sources */,
				C75FD2062AF4351D000B426B /* Frameworks */,
				C75FD2082AF4351D000B426B /* CopyFiles */,
			);
			buildRules = (
			);
			dependencies = (
			);
			name = "ClopCLI-setapp";
			packageProductDependencies = (
				C75FD2002AF4351D000B426B /* ArgumentParser */,
			);
			productName = ClopCLI;
			productReference = C75FD20C2AF4351D000B426B /* ClopCLI-setapp */;
			productType = "com.apple.product-type.tool";
		};
		C7956A3E2AC208DD00C0EDF2 /* ClopCLI */ = {
			isa = PBXNativeTarget;
			buildConfigurationList = C7956A452AC208DD00C0EDF2 /* Build configuration list for PBXNativeTarget "ClopCLI" */;
			buildPhases = (
				C7956A3B2AC208DD00C0EDF2 /* Sources */,
				C7956A3C2AC208DD00C0EDF2 /* Frameworks */,
				C7956A3D2AC208DD00C0EDF2 /* CopyFiles */,
			);
			buildRules = (
			);
			dependencies = (
			);
			name = ClopCLI;
			packageProductDependencies = (
				C7956A492AC209F200C0EDF2 /* ArgumentParser */,
			);
			productName = ClopCLI;
			productReference = C7956A3F2AC208DD00C0EDF2 /* ClopCLI */;
			productType = "com.apple.product-type.tool";
		};
		C7AB6620288301590041BEC8 /* Clop */ = {
			isa = PBXNativeTarget;
			buildConfigurationList = C7AB66302883015A0041BEC8 /* Build configuration list for PBXNativeTarget "Clop" */;
			buildPhases = (
				C7AB661D288301590041BEC8 /* Sources */,
				C7AB661E288301590041BEC8 /* Frameworks */,
				C7AB661F288301590041BEC8 /* Resources */,
				C71A88752A94AFAA00ABD6EE /* Create MASReceipt */,
				C70B5F2A2AC014BF00345739 /* Embed Foundation Extensions */,
				C7956A4B2AC317C100C0EDF2 /* Copy Files (1 item) */,
			);
			buildRules = (
			);
			dependencies = (
				C78B29FD2AD07B5300B6A19B /* PBXTargetDependency */,
				C70B5F252AC014BF00345739 /* PBXTargetDependency */,
			);
			name = Clop;
			packageProductDependencies = (
				C78211012A59E371008DB106 /* Lowtech */,
				C78211032A59E371008DB106 /* LowtechIndie */,
				C78211052A59E371008DB106 /* LowtechPro */,
				C7DF1A272AB8885600AF8EDC /* Ignore */,
			);
			productName = Clop;
			productReference = C7AB6621288301590041BEC8 /* Clop.app */;
			productType = "com.apple.product-type.application";
		};
/* End PBXNativeTarget section */

/* Begin PBXProject section */
		C7AB6619288301590041BEC8 /* Project object */ = {
			isa = PBXProject;
			attributes = {
				BuildIndependentTargetsInParallel = 1;
				LastSwiftUpdateCheck = 1500;
				LastUpgradeCheck = 1500;
				TargetAttributes = {
					C70B5F162AC014BF00345739 = {
						CreatedOnToolsVersion = 15.0;
					};
					C7956A3E2AC208DD00C0EDF2 = {
						CreatedOnToolsVersion = 15.0;
					};
					C7AB6620288301590041BEC8 = {
						CreatedOnToolsVersion = 14.0;
					};
				};
			};
			buildConfigurationList = C7AB661C288301590041BEC8 /* Build configuration list for PBXProject "Clop" */;
			compatibilityVersion = "Xcode 14.0";
			developmentRegion = en;
			hasScannedForEncodings = 0;
			knownRegions = (
				en,
				Base,
			);
			mainGroup = C7AB6618288301590041BEC8;
			packageReferences = (
				C78211002A59E371008DB106 /* XCRemoteSwiftPackageReference "Lowtech" */,
				C7DF1A262AB8885500AF8EDC /* XCRemoteSwiftPackageReference "swift-ignore" */,
				C7956A482AC209F200C0EDF2 /* XCRemoteSwiftPackageReference "swift-argument-parser" */,
			);
			productRefGroup = C7AB6622288301590041BEC8 /* Products */;
			projectDirPath = "";
			projectRoot = "";
			targets = (
				C7AB6620288301590041BEC8 /* Clop */,
				C70B5F162AC014BF00345739 /* FinderOptimiser */,
				C7956A3E2AC208DD00C0EDF2 /* ClopCLI */,
				C75FD1AE2AF4324C000B426B /* Setapp */,
				C75FD1F02AF434FE000B426B /* FinderOptimiser-setapp */,
				C75FD1FF2AF4351D000B426B /* ClopCLI-setapp */,
			);
		};
/* End PBXProject section */

/* Begin PBXResourcesBuildPhase section */
		C70B5F152AC014BF00345739 /* Resources */ = {
			isa = PBXResourcesBuildPhase;
			buildActionMask = 2147483647;
			files = (
				C70B5F1D2AC014BF00345739 /* Media.xcassets in Resources */,
				C70B5F2C2AC0151300345739 /* icon.icns in Resources */,
			);
			runOnlyForDeploymentPostprocessing = 0;
		};
		C75FD1D82AF4324C000B426B /* Resources */ = {
			isa = PBXResourcesBuildPhase;
			buildActionMask = 2147483647;
			files = (
				C7E1F5912C58122F00F83036 /* lrzip in Resources */,
				C75FD20E2AF43581000B426B /* setappPublicKey.pem in Resources */,
				C75FD1D92AF4324C000B426B /* Preview Assets.xcassets in Resources */,
				C75FD1DA2AF4324C000B426B /* Upload to Backblaze.shortcut in Resources */,
				C75FD1DB2AF4324C000B426B /* Upload to SSH server.shortcut in Resources */,
				C7E1F5932C58122F00F83036 /* bin.tar.lrz.sha256 in Resources */,
				C75FD1DC2AF4324C000B426B /* Clop - PDF.shortcut in Resources */,
				C75FD1DD2AF4324C000B426B /* Clop - image.shortcut in Resources */,
				C75FD1DE2AF4324C000B426B /* Clop - video.shortcut in Resources */,
				C7E1F5922C58122F00F83036 /* bin.tar.lrz in Resources */,
				C75FD1E02AF4324C000B426B /* Assets.xcassets in Resources */,
				C75FD1E22AF4324C000B426B /* Upload with Dropshare.shortcut in Resources */,
			);
			runOnlyForDeploymentPostprocessing = 0;
		};
		C75FD1F72AF434FE000B426B /* Resources */ = {
			isa = PBXResourcesBuildPhase;
			buildActionMask = 2147483647;
			files = (
				C75FD1F82AF434FE000B426B /* Media.xcassets in Resources */,
				C75FD1F92AF434FE000B426B /* icon.icns in Resources */,
			);
			runOnlyForDeploymentPostprocessing = 0;
		};
		C7AB661F288301590041BEC8 /* Resources */ = {
			isa = PBXResourcesBuildPhase;
			buildActionMask = 2147483647;
			files = (
				C73802052BD1B81A001BEE6C /* lrzip in Resources */,
				C7AB662C2883015A0041BEC8 /* Preview Assets.xcassets in Resources */,
				C7319E892AD488CB0085B707 /* Upload to Backblaze.shortcut in Resources */,
				C7C8AD622ABC9B34003ECDE6 /* Upload to SSH server.shortcut in Resources */,
				C7C8AD5F2ABC78CF003ECDE6 /* Clop - PDF.shortcut in Resources */,
				C7C8AD602ABC78CF003ECDE6 /* Clop - image.shortcut in Resources */,
				C73802032BD1B804001BEE6C /* bin.tar.lrz in Resources */,
				C7C8AD5E2ABC78CF003ECDE6 /* Clop - video.shortcut in Resources */,
				C7AB66292883015A0041BEC8 /* Assets.xcassets in Resources */,
				C78C62632ADEE250000519D0 /* Upload with Dropshare.shortcut in Resources */,
				C73802022BD1B804001BEE6C /* bin.tar.lrz.sha256 in Resources */,
			);
			runOnlyForDeploymentPostprocessing = 0;
		};
/* End PBXResourcesBuildPhase section */

/* Begin PBXShellScriptBuildPhase section */
		C71A88752A94AFAA00ABD6EE /* Create MASReceipt */ = {
			isa = PBXShellScriptBuildPhase;
			buildActionMask = 2147483647;
			files = (
			);
			inputFileListPaths = (
			);
			inputPaths = (
			);
			name = "Create MASReceipt";
			outputFileListPaths = (
			);
			outputPaths = (
			);
			runOnlyForDeploymentPostprocessing = 0;
			shellPath = /bin/sh;
			shellScript = "mkdir -p \"$CODESIGNING_FOLDER_PATH/Contents/_MASReceipt\"\ntouch \"$CODESIGNING_FOLDER_PATH/Contents/_MASReceipt/receipt\"\n";
		};
/* End PBXShellScriptBuildPhase section */

/* Begin PBXSourcesBuildPhase section */
		C70B5F132AC014BF00345739 /* Sources */ = {
			isa = PBXSourcesBuildPhase;
			buildActionMask = 2147483647;
			files = (
				C7AB38CD2AC5E00C00F299CE /* CherryPicks.swift in Sources */,
				C70B5F322AC029DA00345739 /* Shared.swift in Sources */,
				C70B5F212AC014BF00345739 /* ActionRequestHandler.swift in Sources */,
			);
			runOnlyForDeploymentPostprocessing = 0;
		};
		C75FD1B92AF4324C000B426B /* Sources */ = {
			isa = PBXSourcesBuildPhase;
			buildActionMask = 2147483647;
			files = (
				C70DA8E62B0D1FF900DC9F8E /* BatchCropButton.swift in Sources */,
				C75FD1BA2AF4324C000B426B /* required.swift in Sources */,
				C75FD1BB2AF4324C000B426B /* Optimisable.swift in Sources */,
				C75FD1BC2AF4324C000B426B /* ContentView.swift in Sources */,
				C75FD1BD2AF4324C000B426B /* RightClickMenu.swift in Sources */,
				C75FD1BE2AF4324C000B426B /* CompactResult.swift in Sources */,
				C75FD1BF2AF4324C000B426B /* Images.swift in Sources */,
				C75FD1C02AF4324C000B426B /* Automation.swift in Sources */,
				C75FD1C12AF4324C000B426B /* Shared.swift in Sources */,
				C75FD1C22AF4324C000B426B /* FileNameField.swift in Sources */,
				C7EFD28D2B22577100A6D843 /* Onboarding.swift in Sources */,
				C75FD1C32AF4324C000B426B /* PDF.swift in Sources */,
				C75FD1C42AF4324C000B426B /* Uploads.swift in Sources */,
				C75FD1C52AF4324C000B426B /* FloatingResult.swift in Sources */,
				C75FD1C62AF4324C000B426B /* DropZone.swift in Sources */,
				C75FD1C72AF4324C000B426B /* ClopApp.swift in Sources */,
				C75FD1C82AF4324C000B426B /* SettingsView.swift in Sources */,
				C73802082BDCD773001BEE6C /* CompareView.swift in Sources */,
				C75FD1C92AF4324C000B426B /* Video.swift in Sources */,
				C75FD1CA2AF4324C000B426B /* ActionButtons.swift in Sources */,
				C75FD1CB2AF4324C000B426B /* ResolutionField.swift in Sources */,
				C75FD1CC2AF4324C000B426B /* InstallCLI.swift in Sources */,
				C75FD1CD2AF4324C000B426B /* OptimisationUtils.swift in Sources */,
				C735DA032B021D72001DCAA8 /* Migrations.swift in Sources */,
				C75FD1CE2AF4324C000B426B /* NSImageExtensions.swift in Sources */,
				C75FD1CF2AF4324C000B426B /* ClopUtils.swift in Sources */,
				C75FD1D02AF4324C000B426B /* Settings.swift in Sources */,
				C75FD1D12AF4324C000B426B /* Xattr.swift in Sources */,
				C75FD1D22AF4324C000B426B /* ClopShortcuts.swift in Sources */,
			);
			runOnlyForDeploymentPostprocessing = 0;
		};
		C75FD1F12AF434FE000B426B /* Sources */ = {
			isa = PBXSourcesBuildPhase;
			buildActionMask = 2147483647;
			files = (
				C75FD1F22AF434FE000B426B /* CherryPicks.swift in Sources */,
				C75FD1F32AF434FE000B426B /* Shared.swift in Sources */,
				C75FD1F42AF434FE000B426B /* ActionRequestHandler.swift in Sources */,
			);
			runOnlyForDeploymentPostprocessing = 0;
		};
		C75FD2022AF4351D000B426B /* Sources */ = {
			isa = PBXSourcesBuildPhase;
			buildActionMask = 2147483647;
			files = (
				C75FD2032AF4351D000B426B /* CherryPicks.swift in Sources */,
				C70A48F02B1DCCED00C266DE /* Xattr.swift in Sources */,
				C75FD2042AF4351D000B426B /* Shared.swift in Sources */,
				C7548E7F2B2B9C390002E03D /* Colorize.swift in Sources */,
				C75FD2052AF4351D000B426B /* main.swift in Sources */,
			);
			runOnlyForDeploymentPostprocessing = 0;
		};
		C7956A3B2AC208DD00C0EDF2 /* Sources */ = {
			isa = PBXSourcesBuildPhase;
			buildActionMask = 2147483647;
			files = (
				C70A48EE2B1A06AD00C266DE /* Colorize.swift in Sources */,
				C7AB38CE2AC5E00C00F299CE /* CherryPicks.swift in Sources */,
				C7956A472AC2094500C0EDF2 /* Shared.swift in Sources */,
				C70A48EF2B1DCCED00C266DE /* Xattr.swift in Sources */,
				C7956A422AC208DD00C0EDF2 /* main.swift in Sources */,
			);
			runOnlyForDeploymentPostprocessing = 0;
		};
		C7AB661D288301590041BEC8 /* Sources */ = {
			isa = PBXSourcesBuildPhase;
			buildActionMask = 2147483647;
			files = (
				C7976AC82B07B87D00C4246A /* BatchCropButton.swift in Sources */,
				C7DF1A222AB6F6A200AF8EDC /* required.swift in Sources */,
				C70B5F342AC1B56C00345739 /* Optimisable.swift in Sources */,
				C7AB6627288301590041BEC8 /* ContentView.swift in Sources */,
				C7AB38CB2AC5B10300F299CE /* RightClickMenu.swift in Sources */,
				C7AB38DD2ACB059200F299CE /* CompactResult.swift in Sources */,
				C7760AB62A5C4EE500851F8C /* Images.swift in Sources */,
				C7DF1A2A2ABB0E9A00AF8EDC /* Automation.swift in Sources */,
				C70B5F312AC029DA00345739 /* Shared.swift in Sources */,
				C7AB38D12AC8320B00F299CE /* FileNameField.swift in Sources */,
				C7EFD28C2B22577100A6D843 /* Onboarding.swift in Sources */,
				C7333E472A98C90500B1D5BE /* PDF.swift in Sources */,
				C78C62612ADEB3E7000519D0 /* Uploads.swift in Sources */,
				C7D9200C288FE1D200FA0C83 /* FloatingResult.swift in Sources */,
				C7AB38D22AC8320B00F299CE /* DropZone.swift in Sources */,
				C7AB6625288301590041BEC8 /* ClopApp.swift in Sources */,
				C7760AB82A5C854600851F8C /* SettingsView.swift in Sources */,
				C73802072BDCD76D001BEE6C /* CompareView.swift in Sources */,
				C733B3D22A50789C002A0585 /* Video.swift in Sources */,
				C7AB38DC2ACB059200F299CE /* ActionButtons.swift in Sources */,
				C78B2A022AD1F02E00B6A19B /* ResolutionField.swift in Sources */,
				C78B29FF2AD0826F00B6A19B /* InstallCLI.swift in Sources */,
				C7760AC12A5E957700851F8C /* OptimisationUtils.swift in Sources */,
				C735DA022B021D6E001DCAA8 /* Migrations.swift in Sources */,
				C7760ABD2A5E026600851F8C /* NSImageExtensions.swift in Sources */,
				C7760ABF2A5E92B800851F8C /* ClopUtils.swift in Sources */,
				C7760AC32A5FF89B00851F8C /* Settings.swift in Sources */,
				C78211092A5B21A4008DB106 /* Xattr.swift in Sources */,
				C7A7DD672A739C7400DA12DF /* ClopShortcuts.swift in Sources */,
			);
			runOnlyForDeploymentPostprocessing = 0;
		};
/* End PBXSourcesBuildPhase section */

/* Begin PBXTargetDependency section */
		C70B5F252AC014BF00345739 /* PBXTargetDependency */ = {
			isa = PBXTargetDependency;
			target = C70B5F162AC014BF00345739 /* FinderOptimiser */;
			targetProxy = C70B5F242AC014BF00345739 /* PBXContainerItemProxy */;
		};
		C75FD1AF2AF4324C000B426B /* PBXTargetDependency */ = {
			isa = PBXTargetDependency;
			target = C7956A3E2AC208DD00C0EDF2 /* ClopCLI */;
			targetProxy = C75FD1B02AF4324C000B426B /* PBXContainerItemProxy */;
		};
		C75FD1B12AF4324C000B426B /* PBXTargetDependency */ = {
			isa = PBXTargetDependency;
			target = C70B5F162AC014BF00345739 /* FinderOptimiser */;
			targetProxy = C75FD1B22AF4324C000B426B /* PBXContainerItemProxy */;
		};
		C78B29FD2AD07B5300B6A19B /* PBXTargetDependency */ = {
			isa = PBXTargetDependency;
			target = C7956A3E2AC208DD00C0EDF2 /* ClopCLI */;
			targetProxy = C78B29FC2AD07B5300B6A19B /* PBXContainerItemProxy */;
		};
/* End PBXTargetDependency section */

/* Begin XCBuildConfiguration section */
		C70B5F282AC014BF00345739 /* Debug */ = {
			isa = XCBuildConfiguration;
			buildSettings = {
				ASSETCATALOG_COMPILER_GENERATE_SWIFT_ASSET_SYMBOL_EXTENSIONS = YES;
				CODE_SIGN_ENTITLEMENTS = FinderOptimiser/FinderOptimiser.entitlements;
				CODE_SIGN_IDENTITY = "Apple Development";
				CODE_SIGN_STYLE = Automatic;
				COMBINE_HIDPI_IMAGES = YES;
				CURRENT_PROJECT_VERSION = 2.6.2;
				DEVELOPMENT_TEAM = RDDXV84A73;
				ENABLE_HARDENED_RUNTIME = YES;
				ENABLE_USER_SCRIPT_SANDBOXING = YES;
				GCC_C_LANGUAGE_STANDARD = gnu17;
				GENERATE_INFOPLIST_FILE = YES;
				INFOPLIST_FILE = FinderOptimiser/Info.plist;
				INFOPLIST_KEY_CFBundleDisplayName = "Optimise with Clop";
				INFOPLIST_KEY_NSHumanReadableCopyright = "";
				LD_RUNPATH_SEARCH_PATHS = (
					"$(inherited)",
					"@executable_path/../Frameworks",
					"@executable_path/../../../../Frameworks",
				);
				LOCALIZATION_PREFERS_STRING_CATALOGS = YES;
				MACOSX_DEPLOYMENT_TARGET = 13.0;
				MARKETING_VERSION = 2.6.2;
				PRODUCT_BUNDLE_IDENTIFIER = com.lowtechguys.Clop.FinderOptimiser;
				PRODUCT_NAME = "$(TARGET_NAME)";
				PROVISIONING_PROFILE_SPECIFIER = "";
				SKIP_INSTALL = YES;
				SWIFT_ACTIVE_COMPILATION_CONDITIONS = "DEBUG $(inherited)";
				SWIFT_EMIT_LOC_STRINGS = YES;
				SWIFT_VERSION = 5.0;
			};
			name = Debug;
		};
		C70B5F292AC014BF00345739 /* Release */ = {
			isa = XCBuildConfiguration;
			buildSettings = {
				ASSETCATALOG_COMPILER_GENERATE_SWIFT_ASSET_SYMBOL_EXTENSIONS = YES;
				CODE_SIGN_ENTITLEMENTS = FinderOptimiser/FinderOptimiser.entitlements;
				CODE_SIGN_IDENTITY = "Apple Development";
				CODE_SIGN_STYLE = Automatic;
				COMBINE_HIDPI_IMAGES = YES;
				CURRENT_PROJECT_VERSION = 2.6.2;
				DEVELOPMENT_TEAM = RDDXV84A73;
				ENABLE_HARDENED_RUNTIME = YES;
				ENABLE_USER_SCRIPT_SANDBOXING = YES;
				GCC_C_LANGUAGE_STANDARD = gnu17;
				GENERATE_INFOPLIST_FILE = YES;
				INFOPLIST_FILE = FinderOptimiser/Info.plist;
				INFOPLIST_KEY_CFBundleDisplayName = "Optimise with Clop";
				INFOPLIST_KEY_NSHumanReadableCopyright = "";
				LD_RUNPATH_SEARCH_PATHS = (
					"$(inherited)",
					"@executable_path/../Frameworks",
					"@executable_path/../../../../Frameworks",
				);
				LOCALIZATION_PREFERS_STRING_CATALOGS = YES;
				MACOSX_DEPLOYMENT_TARGET = 13.0;
				MARKETING_VERSION = 2.6.2;
				PRODUCT_BUNDLE_IDENTIFIER = com.lowtechguys.Clop.FinderOptimiser;
				PRODUCT_NAME = "$(TARGET_NAME)";
				PROVISIONING_PROFILE_SPECIFIER = "";
				SKIP_INSTALL = YES;
				SWIFT_EMIT_LOC_STRINGS = YES;
				SWIFT_VERSION = 5.0;
			};
			name = Release;
		};
		C75FD1E92AF4324C000B426B /* Debug */ = {
			isa = XCBuildConfiguration;
			buildSettings = {
				ALWAYS_EMBED_SWIFT_STANDARD_LIBRARIES = YES;
				ASSETCATALOG_COMPILER_APPICON_NAME = AppIcon;
				ASSETCATALOG_COMPILER_GLOBAL_ACCENT_COLOR_NAME = AccentColor;
				CODE_SIGN_ENTITLEMENTS = Setapp/Setapp.entitlements;
				CODE_SIGN_STYLE = Automatic;
				COMBINE_HIDPI_IMAGES = YES;
				CURRENT_PROJECT_VERSION = 2.6.2;
				DEAD_CODE_STRIPPING = YES;
				DEVELOPMENT_ASSET_PATHS = "\"Clop/Preview Content\"";
				DEVELOPMENT_TEAM = RDDXV84A73;
				ENABLE_HARDENED_RUNTIME = YES;
				ENABLE_PREVIEWS = YES;
				GENERATE_INFOPLIST_FILE = YES;
				INFOPLIST_FILE = "Setapp/Info-setapp.plist";
				INFOPLIST_KEY_CFBundleDisplayName = Clop;
				INFOPLIST_KEY_LSApplicationCategoryType = "public.app-category.utilities";
				INFOPLIST_KEY_LSUIElement = YES;
				INFOPLIST_KEY_NSHumanReadableCopyright = "";
				LD_RUNPATH_SEARCH_PATHS = (
					"$(inherited)",
					"@executable_path/../Frameworks",
				);
				LIBRARY_SEARCH_PATHS = (
					"$(inherited)",
					"$(PROJECT_DIR)/Clop/bin",
				);
				LLVM_LTO = YES_THIN;
				MACOSX_DEPLOYMENT_TARGET = 13.0;
				MARKETING_VERSION = 2.6.2;
				OTHER_LDFLAGS = (
					"-force_load",
					"$(BUILT_PRODUCTS_DIR)/libSetapp.a",
				);
				PRODUCT_BUNDLE_IDENTIFIER = "com.lowtechguys.Clop-setapp";
				PRODUCT_NAME = Clop;
				SWIFT_ACTIVE_COMPILATION_CONDITIONS = "DEBUG SETAPP";
				SWIFT_EMIT_LOC_STRINGS = YES;
				SWIFT_VERSION = 5.0;
			};
			name = Debug;
		};
		C75FD1EA2AF4324C000B426B /* Release */ = {
			isa = XCBuildConfiguration;
			buildSettings = {
				ALWAYS_EMBED_SWIFT_STANDARD_LIBRARIES = YES;
				ASSETCATALOG_COMPILER_APPICON_NAME = AppIcon;
				ASSETCATALOG_COMPILER_GLOBAL_ACCENT_COLOR_NAME = AccentColor;
				CODE_SIGN_ENTITLEMENTS = Setapp/Setapp.entitlements;
				CODE_SIGN_STYLE = Automatic;
				COMBINE_HIDPI_IMAGES = YES;
				CURRENT_PROJECT_VERSION = 2.6.2;
				DEAD_CODE_STRIPPING = YES;
				DEVELOPMENT_ASSET_PATHS = "\"Clop/Preview Content\"";
				DEVELOPMENT_TEAM = RDDXV84A73;
				ENABLE_HARDENED_RUNTIME = YES;
				ENABLE_PREVIEWS = YES;
				GENERATE_INFOPLIST_FILE = YES;
				INFOPLIST_FILE = "Setapp/Info-setapp.plist";
				INFOPLIST_KEY_CFBundleDisplayName = Clop;
				INFOPLIST_KEY_LSApplicationCategoryType = "public.app-category.utilities";
				INFOPLIST_KEY_LSUIElement = YES;
				INFOPLIST_KEY_NSHumanReadableCopyright = "";
				LD_RUNPATH_SEARCH_PATHS = (
					"$(inherited)",
					"@executable_path/../Frameworks",
				);
				LIBRARY_SEARCH_PATHS = (
					"$(inherited)",
					"$(PROJECT_DIR)/Clop/bin",
				);
				LLVM_LTO = YES;
				MACOSX_DEPLOYMENT_TARGET = 13.0;
				MARKETING_VERSION = 2.6.2;
				OTHER_LDFLAGS = (
					"-force_load",
					"$(BUILT_PRODUCTS_DIR)/libSetapp.a",
				);
				PRODUCT_BUNDLE_IDENTIFIER = "com.lowtechguys.Clop-setapp";
				PRODUCT_NAME = Clop;
				SWIFT_ACTIVE_COMPILATION_CONDITIONS = SETAPP;
				SWIFT_EMIT_LOC_STRINGS = YES;
				SWIFT_VERSION = 5.0;
			};
			name = Release;
		};
		C75FD1FB2AF434FE000B426B /* Debug */ = {
			isa = XCBuildConfiguration;
			buildSettings = {
				ASSETCATALOG_COMPILER_GENERATE_SWIFT_ASSET_SYMBOL_EXTENSIONS = YES;
				CODE_SIGN_ENTITLEMENTS = "Setapp/FinderOptimiser-setapp.entitlements";
				CODE_SIGN_STYLE = Automatic;
				COMBINE_HIDPI_IMAGES = YES;
				CURRENT_PROJECT_VERSION = 2.6.2;
				DEVELOPMENT_TEAM = RDDXV84A73;
				ENABLE_HARDENED_RUNTIME = YES;
				ENABLE_USER_SCRIPT_SANDBOXING = YES;
				GCC_C_LANGUAGE_STANDARD = gnu17;
				GENERATE_INFOPLIST_FILE = YES;
				INFOPLIST_KEY_CFBundleDisplayName = "Optimise with Clop";
				INFOPLIST_KEY_NSHumanReadableCopyright = "";
				LD_RUNPATH_SEARCH_PATHS = (
					"$(inherited)",
					"@executable_path/../Frameworks",
					"@executable_path/../../../../Frameworks",
				);
				LOCALIZATION_PREFERS_STRING_CATALOGS = YES;
				MACOSX_DEPLOYMENT_TARGET = 13.0;
				MARKETING_VERSION = 2.6.2;
				PRODUCT_BUNDLE_IDENTIFIER = "com.lowtechguys.Clop-setapp.FinderOptimiser";
				PRODUCT_NAME = "$(TARGET_NAME)";
				SKIP_INSTALL = YES;
				SWIFT_ACTIVE_COMPILATION_CONDITIONS = "DEBUG $(inherited) SETAPP";
				SWIFT_EMIT_LOC_STRINGS = YES;
				SWIFT_VERSION = 5.0;
			};
			name = Debug;
		};
		C75FD1FC2AF434FE000B426B /* Release */ = {
			isa = XCBuildConfiguration;
			buildSettings = {
				ASSETCATALOG_COMPILER_GENERATE_SWIFT_ASSET_SYMBOL_EXTENSIONS = YES;
				CODE_SIGN_ENTITLEMENTS = "Setapp/FinderOptimiser-setapp.entitlements";
				CODE_SIGN_STYLE = Automatic;
				COMBINE_HIDPI_IMAGES = YES;
				CURRENT_PROJECT_VERSION = 2.6.2;
				DEVELOPMENT_TEAM = RDDXV84A73;
				ENABLE_HARDENED_RUNTIME = YES;
				ENABLE_USER_SCRIPT_SANDBOXING = YES;
				GCC_C_LANGUAGE_STANDARD = gnu17;
				GENERATE_INFOPLIST_FILE = YES;
				INFOPLIST_KEY_CFBundleDisplayName = "Optimise with Clop";
				INFOPLIST_KEY_NSHumanReadableCopyright = "";
				LD_RUNPATH_SEARCH_PATHS = (
					"$(inherited)",
					"@executable_path/../Frameworks",
					"@executable_path/../../../../Frameworks",
				);
				LOCALIZATION_PREFERS_STRING_CATALOGS = YES;
				MACOSX_DEPLOYMENT_TARGET = 13.0;
				MARKETING_VERSION = 2.6.2;
				PRODUCT_BUNDLE_IDENTIFIER = "com.lowtechguys.Clop-setapp.FinderOptimiser";
				PRODUCT_NAME = "$(TARGET_NAME)";
				SKIP_INSTALL = YES;
				SWIFT_ACTIVE_COMPILATION_CONDITIONS = SETAPP;
				SWIFT_EMIT_LOC_STRINGS = YES;
				SWIFT_VERSION = 5.0;
			};
			name = Release;
		};
		C75FD20A2AF4351D000B426B /* Debug */ = {
			isa = XCBuildConfiguration;
			buildSettings = {
				ASSETCATALOG_COMPILER_GENERATE_SWIFT_ASSET_SYMBOL_EXTENSIONS = YES;
				CODE_SIGN_ENTITLEMENTS = "Setapp/ClopCLI-setapp.entitlements";
				CODE_SIGN_STYLE = Automatic;
				DEVELOPMENT_TEAM = RDDXV84A73;
				ENABLE_HARDENED_RUNTIME = YES;
				ENABLE_USER_SCRIPT_SANDBOXING = YES;
				GCC_C_LANGUAGE_STANDARD = gnu17;
				LOCALIZATION_PREFERS_STRING_CATALOGS = YES;
				MACOSX_DEPLOYMENT_TARGET = 13.0;
				PRODUCT_BUNDLE_IDENTIFIER = "com.lowtechguys.Clop-setapp.ClopCLI";
				PRODUCT_NAME = "$(TARGET_NAME)";
				SKIP_INSTALL = YES;
				SWIFT_ACTIVE_COMPILATION_CONDITIONS = "DEBUG $(inherited) SETAPP";
				SWIFT_VERSION = 5.0;
				SYSTEM_FRAMEWORK_SEARCH_PATHS = (
					"$(inherited)",
					"$(SYSTEM_LIBRARY_DIR)/PrivateFrameworks",
				);
			};
			name = Debug;
		};
		C75FD20B2AF4351D000B426B /* Release */ = {
			isa = XCBuildConfiguration;
			buildSettings = {
				ASSETCATALOG_COMPILER_GENERATE_SWIFT_ASSET_SYMBOL_EXTENSIONS = YES;
				CODE_SIGN_ENTITLEMENTS = "Setapp/ClopCLI-setapp.entitlements";
				CODE_SIGN_STYLE = Automatic;
				DEVELOPMENT_TEAM = RDDXV84A73;
				ENABLE_HARDENED_RUNTIME = YES;
				ENABLE_USER_SCRIPT_SANDBOXING = YES;
				GCC_C_LANGUAGE_STANDARD = gnu17;
				LOCALIZATION_PREFERS_STRING_CATALOGS = YES;
				MACOSX_DEPLOYMENT_TARGET = 13.0;
				PRODUCT_BUNDLE_IDENTIFIER = "com.lowtechguys.Clop-setapp.ClopCLI";
				PRODUCT_NAME = "$(TARGET_NAME)";
				SKIP_INSTALL = YES;
				SWIFT_ACTIVE_COMPILATION_CONDITIONS = SETAPP;
				SWIFT_VERSION = 5.0;
				SYSTEM_FRAMEWORK_SEARCH_PATHS = (
					"$(inherited)",
					"$(SYSTEM_LIBRARY_DIR)/PrivateFrameworks",
				);
			};
			name = Release;
		};
		C7956A432AC208DD00C0EDF2 /* Debug */ = {
			isa = XCBuildConfiguration;
			buildSettings = {
				ASSETCATALOG_COMPILER_GENERATE_SWIFT_ASSET_SYMBOL_EXTENSIONS = YES;
				CODE_SIGN_ENTITLEMENTS = ClopCLI/ClopCLI.entitlements;
				CODE_SIGN_IDENTITY = "Apple Development";
				CODE_SIGN_STYLE = Automatic;
				DEVELOPMENT_TEAM = RDDXV84A73;
				ENABLE_HARDENED_RUNTIME = YES;
				ENABLE_USER_SCRIPT_SANDBOXING = YES;
				GCC_C_LANGUAGE_STANDARD = gnu17;
				LOCALIZATION_PREFERS_STRING_CATALOGS = YES;
				MACOSX_DEPLOYMENT_TARGET = 13.0;
				PRODUCT_BUNDLE_IDENTIFIER = com.lowtechguys.Clop.CLI;
				PRODUCT_NAME = "$(TARGET_NAME)";
				PROVISIONING_PROFILE_SPECIFIER = "";
				SKIP_INSTALL = YES;
				SWIFT_ACTIVE_COMPILATION_CONDITIONS = "DEBUG $(inherited)";
				SWIFT_VERSION = 5.0;
				SYSTEM_FRAMEWORK_SEARCH_PATHS = (
					"$(inherited)",
					"$(SYSTEM_LIBRARY_DIR)/PrivateFrameworks",
				);
			};
			name = Debug;
		};
		C7956A442AC208DD00C0EDF2 /* Release */ = {
			isa = XCBuildConfiguration;
			buildSettings = {
				ASSETCATALOG_COMPILER_GENERATE_SWIFT_ASSET_SYMBOL_EXTENSIONS = YES;
				CODE_SIGN_ENTITLEMENTS = ClopCLI/ClopCLI.entitlements;
				CODE_SIGN_IDENTITY = "Apple Development";
				CODE_SIGN_STYLE = Automatic;
				DEVELOPMENT_TEAM = RDDXV84A73;
				ENABLE_HARDENED_RUNTIME = YES;
				ENABLE_USER_SCRIPT_SANDBOXING = YES;
				GCC_C_LANGUAGE_STANDARD = gnu17;
				LOCALIZATION_PREFERS_STRING_CATALOGS = YES;
				MACOSX_DEPLOYMENT_TARGET = 13.0;
				PRODUCT_BUNDLE_IDENTIFIER = com.lowtechguys.Clop.CLI;
				PRODUCT_NAME = "$(TARGET_NAME)";
				PROVISIONING_PROFILE_SPECIFIER = "";
				SKIP_INSTALL = YES;
				SWIFT_VERSION = 5.0;
				SYSTEM_FRAMEWORK_SEARCH_PATHS = (
					"$(inherited)",
					"$(SYSTEM_LIBRARY_DIR)/PrivateFrameworks",
				);
			};
			name = Release;
		};
		C7AB662E2883015A0041BEC8 /* Debug */ = {
			isa = XCBuildConfiguration;
			buildSettings = {
				ALWAYS_SEARCH_USER_PATHS = NO;
				ASSETCATALOG_COMPILER_GENERATE_SWIFT_ASSET_SYMBOL_EXTENSIONS = YES;
				CLANG_ANALYZER_NONNULL = YES;
				CLANG_ANALYZER_NUMBER_OBJECT_CONVERSION = YES_AGGRESSIVE;
				CLANG_CXX_LANGUAGE_STANDARD = "gnu++20";
				CLANG_ENABLE_MODULES = YES;
				CLANG_ENABLE_OBJC_ARC = YES;
				CLANG_ENABLE_OBJC_WEAK = YES;
				CLANG_WARN_BLOCK_CAPTURE_AUTORELEASING = YES;
				CLANG_WARN_BOOL_CONVERSION = YES;
				CLANG_WARN_COMMA = YES;
				CLANG_WARN_CONSTANT_CONVERSION = YES;
				CLANG_WARN_DEPRECATED_OBJC_IMPLEMENTATIONS = YES;
				CLANG_WARN_DIRECT_OBJC_ISA_USAGE = YES_ERROR;
				CLANG_WARN_DOCUMENTATION_COMMENTS = YES;
				CLANG_WARN_EMPTY_BODY = YES;
				CLANG_WARN_ENUM_CONVERSION = YES;
				CLANG_WARN_INFINITE_RECURSION = YES;
				CLANG_WARN_INT_CONVERSION = YES;
				CLANG_WARN_NON_LITERAL_NULL_CONVERSION = YES;
				CLANG_WARN_OBJC_IMPLICIT_RETAIN_SELF = YES;
				CLANG_WARN_OBJC_LITERAL_CONVERSION = YES;
				CLANG_WARN_OBJC_ROOT_CLASS = YES_ERROR;
				CLANG_WARN_QUOTED_INCLUDE_IN_FRAMEWORK_HEADER = YES;
				CLANG_WARN_RANGE_LOOP_ANALYSIS = YES;
				CLANG_WARN_STRICT_PROTOTYPES = YES;
				CLANG_WARN_SUSPICIOUS_MOVE = YES;
				CLANG_WARN_UNGUARDED_AVAILABILITY = YES_AGGRESSIVE;
				CLANG_WARN_UNREACHABLE_CODE = YES;
				CLANG_WARN__DUPLICATE_METHOD_MATCH = YES;
				COPY_PHASE_STRIP = NO;
				DEAD_CODE_STRIPPING = YES;
				DEBUG_INFORMATION_FORMAT = dwarf;
				ENABLE_STRICT_OBJC_MSGSEND = YES;
				ENABLE_TESTABILITY = YES;
				GCC_C_LANGUAGE_STANDARD = gnu11;
				GCC_DYNAMIC_NO_PIC = NO;
				GCC_NO_COMMON_BLOCKS = YES;
				GCC_OPTIMIZATION_LEVEL = 0;
				GCC_PREPROCESSOR_DEFINITIONS = (
					"DEBUG=1",
					"$(inherited)",
				);
				GCC_WARN_64_TO_32_BIT_CONVERSION = YES;
				GCC_WARN_ABOUT_RETURN_TYPE = YES_ERROR;
				GCC_WARN_UNDECLARED_SELECTOR = YES;
				GCC_WARN_UNINITIALIZED_AUTOS = YES_AGGRESSIVE;
				GCC_WARN_UNUSED_FUNCTION = YES;
				GCC_WARN_UNUSED_VARIABLE = YES;
				MACOSX_DEPLOYMENT_TARGET = 14.0;
				MTL_ENABLE_DEBUG_INFO = INCLUDE_SOURCE;
				MTL_FAST_MATH = YES;
				ONLY_ACTIVE_ARCH = YES;
				SDKROOT = macosx;
				SWIFT_ACTIVE_COMPILATION_CONDITIONS = DEBUG;
				SWIFT_OBJC_BRIDGING_HEADER = "Clop/Clop-Bridging-Header.h";
				SWIFT_OPTIMIZATION_LEVEL = "-Onone";
			};
			name = Debug;
		};
		C7AB662F2883015A0041BEC8 /* Release */ = {
			isa = XCBuildConfiguration;
			buildSettings = {
				ALWAYS_SEARCH_USER_PATHS = NO;
				ASSETCATALOG_COMPILER_GENERATE_SWIFT_ASSET_SYMBOL_EXTENSIONS = YES;
				CLANG_ANALYZER_NONNULL = YES;
				CLANG_ANALYZER_NUMBER_OBJECT_CONVERSION = YES_AGGRESSIVE;
				CLANG_CXX_LANGUAGE_STANDARD = "gnu++20";
				CLANG_ENABLE_MODULES = YES;
				CLANG_ENABLE_OBJC_ARC = YES;
				CLANG_ENABLE_OBJC_WEAK = YES;
				CLANG_WARN_BLOCK_CAPTURE_AUTORELEASING = YES;
				CLANG_WARN_BOOL_CONVERSION = YES;
				CLANG_WARN_COMMA = YES;
				CLANG_WARN_CONSTANT_CONVERSION = YES;
				CLANG_WARN_DEPRECATED_OBJC_IMPLEMENTATIONS = YES;
				CLANG_WARN_DIRECT_OBJC_ISA_USAGE = YES_ERROR;
				CLANG_WARN_DOCUMENTATION_COMMENTS = YES;
				CLANG_WARN_EMPTY_BODY = YES;
				CLANG_WARN_ENUM_CONVERSION = YES;
				CLANG_WARN_INFINITE_RECURSION = YES;
				CLANG_WARN_INT_CONVERSION = YES;
				CLANG_WARN_NON_LITERAL_NULL_CONVERSION = YES;
				CLANG_WARN_OBJC_IMPLICIT_RETAIN_SELF = YES;
				CLANG_WARN_OBJC_LITERAL_CONVERSION = YES;
				CLANG_WARN_OBJC_ROOT_CLASS = YES_ERROR;
				CLANG_WARN_QUOTED_INCLUDE_IN_FRAMEWORK_HEADER = YES;
				CLANG_WARN_RANGE_LOOP_ANALYSIS = YES;
				CLANG_WARN_STRICT_PROTOTYPES = YES;
				CLANG_WARN_SUSPICIOUS_MOVE = YES;
				CLANG_WARN_UNGUARDED_AVAILABILITY = YES_AGGRESSIVE;
				CLANG_WARN_UNREACHABLE_CODE = YES;
				CLANG_WARN__DUPLICATE_METHOD_MATCH = YES;
				COPY_PHASE_STRIP = NO;
				DEAD_CODE_STRIPPING = YES;
				DEBUG_INFORMATION_FORMAT = "dwarf-with-dsym";
				ENABLE_NS_ASSERTIONS = NO;
				ENABLE_STRICT_OBJC_MSGSEND = YES;
				GCC_C_LANGUAGE_STANDARD = gnu11;
				GCC_NO_COMMON_BLOCKS = YES;
				GCC_WARN_64_TO_32_BIT_CONVERSION = YES;
				GCC_WARN_ABOUT_RETURN_TYPE = YES_ERROR;
				GCC_WARN_UNDECLARED_SELECTOR = YES;
				GCC_WARN_UNINITIALIZED_AUTOS = YES_AGGRESSIVE;
				GCC_WARN_UNUSED_FUNCTION = YES;
				GCC_WARN_UNUSED_VARIABLE = YES;
				MACOSX_DEPLOYMENT_TARGET = 14.0;
				MTL_ENABLE_DEBUG_INFO = NO;
				MTL_FAST_MATH = YES;
				SDKROOT = macosx;
				SWIFT_COMPILATION_MODE = wholemodule;
				SWIFT_OBJC_BRIDGING_HEADER = "Clop/Clop-Bridging-Header.h";
				SWIFT_OPTIMIZATION_LEVEL = "-O";
			};
			name = Release;
		};
		C7AB66312883015A0041BEC8 /* Debug */ = {
			isa = XCBuildConfiguration;
			buildSettings = {
				ALWAYS_EMBED_SWIFT_STANDARD_LIBRARIES = YES;
				ASSETCATALOG_COMPILER_APPICON_NAME = AppIcon;
				ASSETCATALOG_COMPILER_GLOBAL_ACCENT_COLOR_NAME = AccentColor;
				CODE_SIGN_ENTITLEMENTS = Clop/Clop.entitlements;
				CODE_SIGN_IDENTITY = "Apple Development";
				CODE_SIGN_STYLE = Automatic;
				COMBINE_HIDPI_IMAGES = YES;
				CURRENT_PROJECT_VERSION = 2.6.2;
				DEAD_CODE_STRIPPING = YES;
				DEVELOPMENT_ASSET_PATHS = "\"Clop/Preview Content\"";
				DEVELOPMENT_TEAM = RDDXV84A73;
				ENABLE_HARDENED_RUNTIME = YES;
				ENABLE_PREVIEWS = YES;
				GENERATE_INFOPLIST_FILE = YES;
				INFOPLIST_FILE = Clop/Info.plist;
				INFOPLIST_KEY_CFBundleDisplayName = Clop;
				INFOPLIST_KEY_LSApplicationCategoryType = "public.app-category.utilities";
				INFOPLIST_KEY_NSHumanReadableCopyright = "";
				LD_RUNPATH_SEARCH_PATHS = (
					"$(inherited)",
					"@executable_path/../Frameworks",
				);
				LIBRARY_SEARCH_PATHS = (
					"$(inherited)",
					"$(PROJECT_DIR)/Clop/bin",
					"$(PROJECT_DIR)/Clop",
				);
				LLVM_LTO = YES_THIN;
				MACOSX_DEPLOYMENT_TARGET = 13.0;
				MARKETING_VERSION = 2.6.2;
				PRODUCT_BUNDLE_IDENTIFIER = com.lowtechguys.Clop;
				PRODUCT_NAME = "$(TARGET_NAME)";
				PROVISIONING_PROFILE_SPECIFIER = "";
				SWIFT_EMIT_LOC_STRINGS = YES;
				SWIFT_VERSION = 5.0;
			};
			name = Debug;
		};
		C7AB66322883015A0041BEC8 /* Release */ = {
			isa = XCBuildConfiguration;
			buildSettings = {
				ALWAYS_EMBED_SWIFT_STANDARD_LIBRARIES = YES;
				ASSETCATALOG_COMPILER_APPICON_NAME = AppIcon;
				ASSETCATALOG_COMPILER_GLOBAL_ACCENT_COLOR_NAME = AccentColor;
				CODE_SIGN_ENTITLEMENTS = Clop/Clop.entitlements;
				CODE_SIGN_IDENTITY = "Apple Development";
				CODE_SIGN_STYLE = Automatic;
				COMBINE_HIDPI_IMAGES = YES;
				CURRENT_PROJECT_VERSION = 2.6.2;
				DEAD_CODE_STRIPPING = YES;
				DEVELOPMENT_ASSET_PATHS = "\"Clop/Preview Content\"";
				DEVELOPMENT_TEAM = RDDXV84A73;
				ENABLE_HARDENED_RUNTIME = YES;
				ENABLE_PREVIEWS = YES;
				GENERATE_INFOPLIST_FILE = YES;
				INFOPLIST_FILE = Clop/Info.plist;
				INFOPLIST_KEY_CFBundleDisplayName = Clop;
				INFOPLIST_KEY_LSApplicationCategoryType = "public.app-category.utilities";
				INFOPLIST_KEY_NSHumanReadableCopyright = "";
				LD_RUNPATH_SEARCH_PATHS = (
					"$(inherited)",
					"@executable_path/../Frameworks",
				);
				LIBRARY_SEARCH_PATHS = (
					"$(inherited)",
					"$(PROJECT_DIR)/Clop/bin",
					"$(PROJECT_DIR)/Clop",
				);
				LLVM_LTO = YES;
				MACOSX_DEPLOYMENT_TARGET = 13.0;
				MARKETING_VERSION = 2.6.2;
				OTHER_LDFLAGS = "";
				PRODUCT_BUNDLE_IDENTIFIER = com.lowtechguys.Clop;
				PRODUCT_NAME = "$(TARGET_NAME)";
				PROVISIONING_PROFILE_SPECIFIER = "";
				SWIFT_EMIT_LOC_STRINGS = YES;
				SWIFT_VERSION = 5.0;
			};
			name = Release;
		};
/* End XCBuildConfiguration section */

/* Begin XCConfigurationList section */
		C70B5F272AC014BF00345739 /* Build configuration list for PBXNativeTarget "FinderOptimiser" */ = {
			isa = XCConfigurationList;
			buildConfigurations = (
				C70B5F282AC014BF00345739 /* Debug */,
				C70B5F292AC014BF00345739 /* Release */,
			);
			defaultConfigurationIsVisible = 0;
			defaultConfigurationName = Release;
		};
		C75FD1E82AF4324C000B426B /* Build configuration list for PBXNativeTarget "Setapp" */ = {
			isa = XCConfigurationList;
			buildConfigurations = (
				C75FD1E92AF4324C000B426B /* Debug */,
				C75FD1EA2AF4324C000B426B /* Release */,
			);
			defaultConfigurationIsVisible = 0;
			defaultConfigurationName = Release;
		};
		C75FD1FA2AF434FE000B426B /* Build configuration list for PBXNativeTarget "FinderOptimiser-setapp" */ = {
			isa = XCConfigurationList;
			buildConfigurations = (
				C75FD1FB2AF434FE000B426B /* Debug */,
				C75FD1FC2AF434FE000B426B /* Release */,
			);
			defaultConfigurationIsVisible = 0;
			defaultConfigurationName = Release;
		};
		C75FD2092AF4351D000B426B /* Build configuration list for PBXNativeTarget "ClopCLI-setapp" */ = {
			isa = XCConfigurationList;
			buildConfigurations = (
				C75FD20A2AF4351D000B426B /* Debug */,
				C75FD20B2AF4351D000B426B /* Release */,
			);
			defaultConfigurationIsVisible = 0;
			defaultConfigurationName = Release;
		};
		C7956A452AC208DD00C0EDF2 /* Build configuration list for PBXNativeTarget "ClopCLI" */ = {
			isa = XCConfigurationList;
			buildConfigurations = (
				C7956A432AC208DD00C0EDF2 /* Debug */,
				C7956A442AC208DD00C0EDF2 /* Release */,
			);
			defaultConfigurationIsVisible = 0;
			defaultConfigurationName = Release;
		};
		C7AB661C288301590041BEC8 /* Build configuration list for PBXProject "Clop" */ = {
			isa = XCConfigurationList;
			buildConfigurations = (
				C7AB662E2883015A0041BEC8 /* Debug */,
				C7AB662F2883015A0041BEC8 /* Release */,
			);
			defaultConfigurationIsVisible = 0;
			defaultConfigurationName = Release;
		};
		C7AB66302883015A0041BEC8 /* Build configuration list for PBXNativeTarget "Clop" */ = {
			isa = XCConfigurationList;
			buildConfigurations = (
				C7AB66312883015A0041BEC8 /* Debug */,
				C7AB66322883015A0041BEC8 /* Release */,
			);
			defaultConfigurationIsVisible = 0;
			defaultConfigurationName = Release;
		};
/* End XCConfigurationList section */

/* Begin XCRemoteSwiftPackageReference section */
		C75FD1B42AF4324C000B426B /* XCRemoteSwiftPackageReference "Lowtech" */ = {
			isa = XCRemoteSwiftPackageReference;
			repositoryURL = "https://github.com/FuzzyIdeas/Lowtech";
			requirement = {
				branch = ventura;
				kind = branch;
			};
		};
		C75FD1B82AF4324C000B426B /* XCRemoteSwiftPackageReference "swift-ignore" */ = {
			isa = XCRemoteSwiftPackageReference;
			repositoryURL = "https://github.com/alin23/swift-ignore";
			requirement = {
				kind = upToNextMajorVersion;
				minimumVersion = 0.0.2;
			};
		};
		C75FD2012AF4351D000B426B /* XCRemoteSwiftPackageReference "swift-argument-parser" */ = {
			isa = XCRemoteSwiftPackageReference;
			repositoryURL = "https://github.com/apple/swift-argument-parser.git";
			requirement = {
				kind = upToNextMajorVersion;
				minimumVersion = 1.2.3;
			};
		};
		C78211002A59E371008DB106 /* XCRemoteSwiftPackageReference "Lowtech" */ = {
			isa = XCRemoteSwiftPackageReference;
			repositoryURL = "https://github.com/FuzzyIdeas/Lowtech";
			requirement = {
				branch = ventura;
				kind = branch;
			};
		};
		C7956A482AC209F200C0EDF2 /* XCRemoteSwiftPackageReference "swift-argument-parser" */ = {
			isa = XCRemoteSwiftPackageReference;
			repositoryURL = "https://github.com/apple/swift-argument-parser.git";
			requirement = {
				kind = upToNextMajorVersion;
				minimumVersion = 1.2.3;
			};
		};
		C7DF1A262AB8885500AF8EDC /* XCRemoteSwiftPackageReference "swift-ignore" */ = {
			isa = XCRemoteSwiftPackageReference;
			repositoryURL = "https://github.com/alin23/swift-ignore";
			requirement = {
				kind = upToNextMajorVersion;
				minimumVersion = 0.0.2;
			};
		};
/* End XCRemoteSwiftPackageReference section */

/* Begin XCSwiftPackageProductDependency section */
		C75FD1B32AF4324C000B426B /* Lowtech */ = {
			isa = XCSwiftPackageProductDependency;
			package = C75FD1B42AF4324C000B426B /* XCRemoteSwiftPackageReference "Lowtech" */;
			productName = Lowtech;
		};
		C75FD1B72AF4324C000B426B /* Ignore */ = {
			isa = XCSwiftPackageProductDependency;
			package = C75FD1B82AF4324C000B426B /* XCRemoteSwiftPackageReference "swift-ignore" */;
			productName = Ignore;
		};
		C75FD2002AF4351D000B426B /* ArgumentParser */ = {
			isa = XCSwiftPackageProductDependency;
			package = C75FD2012AF4351D000B426B /* XCRemoteSwiftPackageReference "swift-argument-parser" */;
			productName = ArgumentParser;
		};
		C781D42D2B44509B0050D04A /* LowtechSetapp */ = {
			isa = XCSwiftPackageProductDependency;
			package = C78211002A59E371008DB106 /* XCRemoteSwiftPackageReference "Lowtech" */;
			productName = LowtechSetapp;
		};
		C78211012A59E371008DB106 /* Lowtech */ = {
			isa = XCSwiftPackageProductDependency;
			package = C78211002A59E371008DB106 /* XCRemoteSwiftPackageReference "Lowtech" */;
			productName = Lowtech;
		};
		C78211032A59E371008DB106 /* LowtechIndie */ = {
			isa = XCSwiftPackageProductDependency;
			package = C78211002A59E371008DB106 /* XCRemoteSwiftPackageReference "Lowtech" */;
			productName = LowtechIndie;
		};
		C78211052A59E371008DB106 /* LowtechPro */ = {
			isa = XCSwiftPackageProductDependency;
			package = C78211002A59E371008DB106 /* XCRemoteSwiftPackageReference "Lowtech" */;
			productName = LowtechPro;
		};
		C7956A492AC209F200C0EDF2 /* ArgumentParser */ = {
			isa = XCSwiftPackageProductDependency;
			package = C7956A482AC209F200C0EDF2 /* XCRemoteSwiftPackageReference "swift-argument-parser" */;
			productName = ArgumentParser;
		};
		C7DF1A272AB8885600AF8EDC /* Ignore */ = {
			isa = XCSwiftPackageProductDependency;
			package = C7DF1A262AB8885500AF8EDC /* XCRemoteSwiftPackageReference "swift-ignore" */;
			productName = Ignore;
		};
/* End XCSwiftPackageProductDependency section */
	};
	rootObject = C7AB6619288301590041BEC8 /* Project object */;
}
