// !$*UTF8*$!
{
	archiveVersion = 1;
	classes = {
	};
	objectVersion = 56;
	objects = {

/* Begin PBXBuildFile section */
		C7AB6625288301590041BEC8 /* ClopApp.swift in Sources */ = {isa = PBXBuildFile; fileRef = C7AB6624288301590041BEC8 /* ClopApp.swift */; };
		C7AB6627288301590041BEC8 /* ContentView.swift in Sources */ = {isa = PBXBuildFile; fileRef = C7AB6626288301590041BEC8 /* ContentView.swift */; };
		C7AB66292883015A0041BEC8 /* Assets.xcassets in Resources */ = {isa = PBXBuildFile; fileRef = C7AB66282883015A0041BEC8 /* Assets.xcassets */; };
		C7AB662C2883015A0041BEC8 /* Preview Assets.xcassets in Resources */ = {isa = PBXBuildFile; fileRef = C7AB662B2883015A0041BEC8 /* Preview Assets.xcassets */; };
		C7AB663528841EA40041BEC8 /* pngquant in Resources */ = {isa = PBXBuildFile; fileRef = C7AB663428841EA40041BEC8 /* pngquant */; };
		C7AB663728841EB00041BEC8 /* jpegoptim in Resources */ = {isa = PBXBuildFile; fileRef = C7AB663628841EB00041BEC8 /* jpegoptim */; };
		C7AB663928841ED30041BEC8 /* gifsicle in Resources */ = {isa = PBXBuildFile; fileRef = C7AB663828841ED30041BEC8 /* gifsicle */; };
		C7D9200C288FE1D200FA0C83 /* SizeNotificationView.swift in Sources */ = {isa = PBXBuildFile; fileRef = C7D9200B288FE1D200FA0C83 /* SizeNotificationView.swift */; };
		C7D9200E28902D9500FA0C83 /* OSDWindow.swift in Sources */ = {isa = PBXBuildFile; fileRef = C7D9200D28902D9500FA0C83 /* OSDWindow.swift */; };
		C7D920152890316400FA0C83 /* libpng16.16.dylib in Resources */ = {isa = PBXBuildFile; fileRef = C7D920102890308D00FA0C83 /* libpng16.16.dylib */; };
		C7D920162890316700FA0C83 /* liblcms2.2.dylib in Resources */ = {isa = PBXBuildFile; fileRef = C7D920112890308D00FA0C83 /* liblcms2.2.dylib */; };
		C7D920172890316900FA0C83 /* libjpeg.9.dylib in Resources */ = {isa = PBXBuildFile; fileRef = C7D9200F2890308D00FA0C83 /* libjpeg.9.dylib */; };
/* End PBXBuildFile section */

/* Begin PBXFileReference section */
		C7AB6621288301590041BEC8 /* Clop.app */ = {isa = PBXFileReference; explicitFileType = wrapper.application; includeInIndex = 0; path = Clop.app; sourceTree = BUILT_PRODUCTS_DIR; };
		C7AB6624288301590041BEC8 /* ClopApp.swift */ = {isa = PBXFileReference; lastKnownFileType = sourcecode.swift; path = ClopApp.swift; sourceTree = "<group>"; };
		C7AB6626288301590041BEC8 /* ContentView.swift */ = {isa = PBXFileReference; lastKnownFileType = sourcecode.swift; path = ContentView.swift; sourceTree = "<group>"; };
		C7AB66282883015A0041BEC8 /* Assets.xcassets */ = {isa = PBXFileReference; lastKnownFileType = folder.assetcatalog; path = Assets.xcassets; sourceTree = "<group>"; };
		C7AB662B2883015A0041BEC8 /* Preview Assets.xcassets */ = {isa = PBXFileReference; lastKnownFileType = folder.assetcatalog; path = "Preview Assets.xcassets"; sourceTree = "<group>"; };
		C7AB662D2883015A0041BEC8 /* Clop.entitlements */ = {isa = PBXFileReference; lastKnownFileType = text.plist.entitlements; path = Clop.entitlements; sourceTree = "<group>"; };
		C7AB663428841EA40041BEC8 /* pngquant */ = {isa = PBXFileReference; lastKnownFileType = "compiled.mach-o.executable"; path = pngquant; sourceTree = "<group>"; };
		C7AB663628841EB00041BEC8 /* jpegoptim */ = {isa = PBXFileReference; lastKnownFileType = "compiled.mach-o.executable"; path = jpegoptim; sourceTree = "<group>"; };
		C7AB663828841ED30041BEC8 /* gifsicle */ = {isa = PBXFileReference; lastKnownFileType = "compiled.mach-o.executable"; path = gifsicle; sourceTree = "<group>"; };
		C7AB663A288460F30041BEC8 /* Info.plist */ = {isa = PBXFileReference; lastKnownFileType = text.plist; path = Info.plist; sourceTree = "<group>"; };
		C7D9200B288FE1D200FA0C83 /* SizeNotificationView.swift */ = {isa = PBXFileReference; lastKnownFileType = sourcecode.swift; path = SizeNotificationView.swift; sourceTree = "<group>"; };
		C7D9200D28902D9500FA0C83 /* OSDWindow.swift */ = {isa = PBXFileReference; lastKnownFileType = sourcecode.swift; path = OSDWindow.swift; sourceTree = "<group>"; };
		C7D9200F2890308D00FA0C83 /* libjpeg.9.dylib */ = {isa = PBXFileReference; lastKnownFileType = "compiled.mach-o.dylib"; path = libjpeg.9.dylib; sourceTree = "<group>"; };
		C7D920102890308D00FA0C83 /* libpng16.16.dylib */ = {isa = PBXFileReference; lastKnownFileType = "compiled.mach-o.dylib"; path = libpng16.16.dylib; sourceTree = "<group>"; };
		C7D920112890308D00FA0C83 /* liblcms2.2.dylib */ = {isa = PBXFileReference; lastKnownFileType = "compiled.mach-o.dylib"; path = liblcms2.2.dylib; sourceTree = "<group>"; };
/* End PBXFileReference section */

/* Begin PBXFrameworksBuildPhase section */
		C7AB661E288301590041BEC8 /* Frameworks */ = {
			isa = PBXFrameworksBuildPhase;
			buildActionMask = 2147483647;
			files = (
			);
			runOnlyForDeploymentPostprocessing = 0;
		};
/* End PBXFrameworksBuildPhase section */

/* Begin PBXGroup section */
		C7AB6618288301590041BEC8 = {
			isa = PBXGroup;
			children = (
				C7AB6623288301590041BEC8 /* Clop */,
				C7AB6622288301590041BEC8 /* Products */,
			);
			sourceTree = "<group>";
		};
		C7AB6622288301590041BEC8 /* Products */ = {
			isa = PBXGroup;
			children = (
				C7AB6621288301590041BEC8 /* Clop.app */,
			);
			name = Products;
			sourceTree = "<group>";
		};
		C7AB6623288301590041BEC8 /* Clop */ = {
			isa = PBXGroup;
			children = (
				C7AB663A288460F30041BEC8 /* Info.plist */,
				C7AB663328841E890041BEC8 /* bin */,
				C7AB6624288301590041BEC8 /* ClopApp.swift */,
				C7AB6626288301590041BEC8 /* ContentView.swift */,
				C7D9200D28902D9500FA0C83 /* OSDWindow.swift */,
				C7D9200B288FE1D200FA0C83 /* SizeNotificationView.swift */,
				C7AB66282883015A0041BEC8 /* Assets.xcassets */,
				C7AB662D2883015A0041BEC8 /* Clop.entitlements */,
				C7AB662A2883015A0041BEC8 /* Preview Content */,
			);
			path = Clop;
			sourceTree = "<group>";
		};
		C7AB662A2883015A0041BEC8 /* Preview Content */ = {
			isa = PBXGroup;
			children = (
				C7AB662B2883015A0041BEC8 /* Preview Assets.xcassets */,
			);
			path = "Preview Content";
			sourceTree = "<group>";
		};
		C7AB663328841E890041BEC8 /* bin */ = {
			isa = PBXGroup;
			children = (
				C7D9200F2890308D00FA0C83 /* libjpeg.9.dylib */,
				C7D920112890308D00FA0C83 /* liblcms2.2.dylib */,
				C7D920102890308D00FA0C83 /* libpng16.16.dylib */,
				C7AB663828841ED30041BEC8 /* gifsicle */,
				C7AB663628841EB00041BEC8 /* jpegoptim */,
				C7AB663428841EA40041BEC8 /* pngquant */,
			);
			path = bin;
			sourceTree = "<group>";
		};
/* End PBXGroup section */

/* Begin PBXNativeTarget section */
		C7AB6620288301590041BEC8 /* Clop */ = {
			isa = PBXNativeTarget;
			buildConfigurationList = C7AB66302883015A0041BEC8 /* Build configuration list for PBXNativeTarget "Clop" */;
			buildPhases = (
				C7AB661D288301590041BEC8 /* Sources */,
				C7AB661E288301590041BEC8 /* Frameworks */,
				C7AB661F288301590041BEC8 /* Resources */,
			);
			buildRules = (
			);
			dependencies = (
			);
			name = Clop;
			productName = Clop;
			productReference = C7AB6621288301590041BEC8 /* Clop.app */;
			productType = "com.apple.product-type.application";
		};
/* End PBXNativeTarget section */

/* Begin PBXProject section */
		C7AB6619288301590041BEC8 /* Project object */ = {
			isa = PBXProject;
			attributes = {
				BuildIndependentTargetsInParallel = 1;
				LastSwiftUpdateCheck = 1400;
				LastUpgradeCheck = 1400;
				TargetAttributes = {
					C7AB6620288301590041BEC8 = {
						CreatedOnToolsVersion = 14.0;
					};
				};
			};
			buildConfigurationList = C7AB661C288301590041BEC8 /* Build configuration list for PBXProject "Clop" */;
			compatibilityVersion = "Xcode 14.0";
			developmentRegion = en;
			hasScannedForEncodings = 0;
			knownRegions = (
				en,
				Base,
			);
			mainGroup = C7AB6618288301590041BEC8;
			productRefGroup = C7AB6622288301590041BEC8 /* Products */;
			projectDirPath = "";
			projectRoot = "";
			targets = (
				C7AB6620288301590041BEC8 /* Clop */,
			);
		};
/* End PBXProject section */

/* Begin PBXResourcesBuildPhase section */
		C7AB661F288301590041BEC8 /* Resources */ = {
			isa = PBXResourcesBuildPhase;
			buildActionMask = 2147483647;
			files = (
				C7AB663728841EB00041BEC8 /* jpegoptim in Resources */,
				C7D920152890316400FA0C83 /* libpng16.16.dylib in Resources */,
				C7D920172890316900FA0C83 /* libjpeg.9.dylib in Resources */,
				C7D920162890316700FA0C83 /* liblcms2.2.dylib in Resources */,
				C7AB663528841EA40041BEC8 /* pngquant in Resources */,
				C7AB662C2883015A0041BEC8 /* Preview Assets.xcassets in Resources */,
				C7AB66292883015A0041BEC8 /* Assets.xcassets in Resources */,
				C7AB663928841ED30041BEC8 /* gifsicle in Resources */,
			);
			runOnlyForDeploymentPostprocessing = 0;
		};
/* End PBXResourcesBuildPhase section */

/* Begin PBXSourcesBuildPhase section */
		C7AB661D288301590041BEC8 /* Sources */ = {
			isa = PBXSourcesBuildPhase;
			buildActionMask = 2147483647;
			files = (
				C7D9200E28902D9500FA0C83 /* OSDWindow.swift in Sources */,
				C7AB6627288301590041BEC8 /* ContentView.swift in Sources */,
				C7D9200C288FE1D200FA0C83 /* SizeNotificationView.swift in Sources */,
				C7AB6625288301590041BEC8 /* ClopApp.swift in Sources */,
			);
			runOnlyForDeploymentPostprocessing = 0;
		};
/* End PBXSourcesBuildPhase section */

/* Begin XCBuildConfiguration section */
		C7AB662E2883015A0041BEC8 /* Debug */ = {
			isa = XCBuildConfiguration;
			buildSettings = {
				ALWAYS_SEARCH_USER_PATHS = NO;
				CLANG_ANALYZER_NONNULL = YES;
				CLANG_ANALYZER_NUMBER_OBJECT_CONVERSION = YES_AGGRESSIVE;
				CLANG_CXX_LANGUAGE_STANDARD = "gnu++20";
				CLANG_ENABLE_MODULES = YES;
				CLANG_ENABLE_OBJC_ARC = YES;
				CLANG_ENABLE_OBJC_WEAK = YES;
				CLANG_WARN_BLOCK_CAPTURE_AUTORELEASING = YES;
				CLANG_WARN_BOOL_CONVERSION = YES;
				CLANG_WARN_COMMA = YES;
				CLANG_WARN_CONSTANT_CONVERSION = YES;
				CLANG_WARN_DEPRECATED_OBJC_IMPLEMENTATIONS = YES;
				CLANG_WARN_DIRECT_OBJC_ISA_USAGE = YES_ERROR;
				CLANG_WARN_DOCUMENTATION_COMMENTS = YES;
				CLANG_WARN_EMPTY_BODY = YES;
				CLANG_WARN_ENUM_CONVERSION = YES;
				CLANG_WARN_INFINITE_RECURSION = YES;
				CLANG_WARN_INT_CONVERSION = YES;
				CLANG_WARN_NON_LITERAL_NULL_CONVERSION = YES;
				CLANG_WARN_OBJC_IMPLICIT_RETAIN_SELF = YES;
				CLANG_WARN_OBJC_LITERAL_CONVERSION = YES;
				CLANG_WARN_OBJC_ROOT_CLASS = YES_ERROR;
				CLANG_WARN_QUOTED_INCLUDE_IN_FRAMEWORK_HEADER = YES;
				CLANG_WARN_RANGE_LOOP_ANALYSIS = YES;
				CLANG_WARN_STRICT_PROTOTYPES = YES;
				CLANG_WARN_SUSPICIOUS_MOVE = YES;
				CLANG_WARN_UNGUARDED_AVAILABILITY = YES_AGGRESSIVE;
				CLANG_WARN_UNREACHABLE_CODE = YES;
				CLANG_WARN__DUPLICATE_METHOD_MATCH = YES;
				COPY_PHASE_STRIP = NO;
				DEBUG_INFORMATION_FORMAT = dwarf;
				ENABLE_STRICT_OBJC_MSGSEND = YES;
				ENABLE_TESTABILITY = YES;
				GCC_C_LANGUAGE_STANDARD = gnu11;
				GCC_DYNAMIC_NO_PIC = NO;
				GCC_NO_COMMON_BLOCKS = YES;
				GCC_OPTIMIZATION_LEVEL = 0;
				GCC_PREPROCESSOR_DEFINITIONS = (
					"DEBUG=1",
					"$(inherited)",
				);
				GCC_WARN_64_TO_32_BIT_CONVERSION = YES;
				GCC_WARN_ABOUT_RETURN_TYPE = YES_ERROR;
				GCC_WARN_UNDECLARED_SELECTOR = YES;
				GCC_WARN_UNINITIALIZED_AUTOS = YES_AGGRESSIVE;
				GCC_WARN_UNUSED_FUNCTION = YES;
				GCC_WARN_UNUSED_VARIABLE = YES;
				MACOSX_DEPLOYMENT_TARGET = 13.0;
				MTL_ENABLE_DEBUG_INFO = INCLUDE_SOURCE;
				MTL_FAST_MATH = YES;
				ONLY_ACTIVE_ARCH = YES;
				SDKROOT = macosx;
				SWIFT_ACTIVE_COMPILATION_CONDITIONS = DEBUG;
				SWIFT_OPTIMIZATION_LEVEL = "-Onone";
			};
			name = Debug;
		};
		C7AB662F2883015A0041BEC8 /* Release */ = {
			isa = XCBuildConfiguration;
			buildSettings = {
				ALWAYS_SEARCH_USER_PATHS = NO;
				CLANG_ANALYZER_NONNULL = YES;
				CLANG_ANALYZER_NUMBER_OBJECT_CONVERSION = YES_AGGRESSIVE;
				CLANG_CXX_LANGUAGE_STANDARD = "gnu++20";
				CLANG_ENABLE_MODULES = YES;
				CLANG_ENABLE_OBJC_ARC = YES;
				CLANG_ENABLE_OBJC_WEAK = YES;
				CLANG_WARN_BLOCK_CAPTURE_AUTORELEASING = YES;
				CLANG_WARN_BOOL_CONVERSION = YES;
				CLANG_WARN_COMMA = YES;
				CLANG_WARN_CONSTANT_CONVERSION = YES;
				CLANG_WARN_DEPRECATED_OBJC_IMPLEMENTATIONS = YES;
				CLANG_WARN_DIRECT_OBJC_ISA_USAGE = YES_ERROR;
				CLANG_WARN_DOCUMENTATION_COMMENTS = YES;
				CLANG_WARN_EMPTY_BODY = YES;
				CLANG_WARN_ENUM_CONVERSION = YES;
				CLANG_WARN_INFINITE_RECURSION = YES;
				CLANG_WARN_INT_CONVERSION = YES;
				CLANG_WARN_NON_LITERAL_NULL_CONVERSION = YES;
				CLANG_WARN_OBJC_IMPLICIT_RETAIN_SELF = YES;
				CLANG_WARN_OBJC_LITERAL_CONVERSION = YES;
				CLANG_WARN_OBJC_ROOT_CLASS = YES_ERROR;
				CLANG_WARN_QUOTED_INCLUDE_IN_FRAMEWORK_HEADER = YES;
				CLANG_WARN_RANGE_LOOP_ANALYSIS = YES;
				CLANG_WARN_STRICT_PROTOTYPES = YES;
				CLANG_WARN_SUSPICIOUS_MOVE = YES;
				CLANG_WARN_UNGUARDED_AVAILABILITY = YES_AGGRESSIVE;
				CLANG_WARN_UNREACHABLE_CODE = YES;
				CLANG_WARN__DUPLICATE_METHOD_MATCH = YES;
				COPY_PHASE_STRIP = NO;
				DEBUG_INFORMATION_FORMAT = "dwarf-with-dsym";
				ENABLE_NS_ASSERTIONS = NO;
				ENABLE_STRICT_OBJC_MSGSEND = YES;
				GCC_C_LANGUAGE_STANDARD = gnu11;
				GCC_NO_COMMON_BLOCKS = YES;
				GCC_WARN_64_TO_32_BIT_CONVERSION = YES;
				GCC_WARN_ABOUT_RETURN_TYPE = YES_ERROR;
				GCC_WARN_UNDECLARED_SELECTOR = YES;
				GCC_WARN_UNINITIALIZED_AUTOS = YES_AGGRESSIVE;
				GCC_WARN_UNUSED_FUNCTION = YES;
				GCC_WARN_UNUSED_VARIABLE = YES;
				MACOSX_DEPLOYMENT_TARGET = 13.0;
				MTL_ENABLE_DEBUG_INFO = NO;
				MTL_FAST_MATH = YES;
				SDKROOT = macosx;
				SWIFT_COMPILATION_MODE = wholemodule;
				SWIFT_OPTIMIZATION_LEVEL = "-O";
			};
			name = Release;
		};
		C7AB66312883015A0041BEC8 /* Debug */ = {
			isa = XCBuildConfiguration;
			buildSettings = {
				ASSETCATALOG_COMPILER_APPICON_NAME = AppIcon;
				ASSETCATALOG_COMPILER_GLOBAL_ACCENT_COLOR_NAME = AccentColor;
				CODE_SIGN_ENTITLEMENTS = Clop/Clop.entitlements;
				CODE_SIGN_STYLE = Automatic;
				COMBINE_HIDPI_IMAGES = YES;
				CURRENT_PROJECT_VERSION = 1;
				DEVELOPMENT_ASSET_PATHS = "\"Clop/Preview Content\"";
				DEVELOPMENT_TEAM = RDDXV84A73;
				ENABLE_HARDENED_RUNTIME = YES;
				ENABLE_PREVIEWS = YES;
				GENERATE_INFOPLIST_FILE = YES;
				INFOPLIST_FILE = Clop/Info.plist;
				INFOPLIST_KEY_CFBundleDisplayName = Clop;
				INFOPLIST_KEY_LSApplicationCategoryType = "public.app-category.utilities";
				INFOPLIST_KEY_NSHumanReadableCopyright = "";
				LD_RUNPATH_SEARCH_PATHS = (
					"$(inherited)",
					"@executable_path/../Frameworks",
				);
				LIBRARY_SEARCH_PATHS = (
					"$(inherited)",
					"$(PROJECT_DIR)/Clop/bin",
				);
				MARKETING_VERSION = 1.0;
				PRODUCT_BUNDLE_IDENTIFIER = com.lowtechguys.Clop;
				PRODUCT_NAME = "$(TARGET_NAME)";
				SWIFT_EMIT_LOC_STRINGS = YES;
				SWIFT_VERSION = 5.0;
			};
			name = Debug;
		};
		C7AB66322883015A0041BEC8 /* Release */ = {
			isa = XCBuildConfiguration;
			buildSettings = {
				ASSETCATALOG_COMPILER_APPICON_NAME = AppIcon;
				ASSETCATALOG_COMPILER_GLOBAL_ACCENT_COLOR_NAME = AccentColor;
				CODE_SIGN_ENTITLEMENTS = Clop/Clop.entitlements;
				CODE_SIGN_STYLE = Automatic;
				COMBINE_HIDPI_IMAGES = YES;
				CURRENT_PROJECT_VERSION = 1;
				DEVELOPMENT_ASSET_PATHS = "\"Clop/Preview Content\"";
				DEVELOPMENT_TEAM = RDDXV84A73;
				ENABLE_HARDENED_RUNTIME = YES;
				ENABLE_PREVIEWS = YES;
				GENERATE_INFOPLIST_FILE = YES;
				INFOPLIST_FILE = Clop/Info.plist;
				INFOPLIST_KEY_CFBundleDisplayName = Clop;
				INFOPLIST_KEY_LSApplicationCategoryType = "public.app-category.utilities";
				INFOPLIST_KEY_NSHumanReadableCopyright = "";
				LD_RUNPATH_SEARCH_PATHS = (
					"$(inherited)",
					"@executable_path/../Frameworks",
				);
				LIBRARY_SEARCH_PATHS = (
					"$(inherited)",
					"$(PROJECT_DIR)/Clop/bin",
				);
				MARKETING_VERSION = 1.0;
				PRODUCT_BUNDLE_IDENTIFIER = com.lowtechguys.Clop;
				PRODUCT_NAME = "$(TARGET_NAME)";
				SWIFT_EMIT_LOC_STRINGS = YES;
				SWIFT_VERSION = 5.0;
			};
			name = Release;
		};
/* End XCBuildConfiguration section */

/* Begin XCConfigurationList section */
		C7AB661C288301590041BEC8 /* Build configuration list for PBXProject "Clop" */ = {
			isa = XCConfigurationList;
			buildConfigurations = (
				C7AB662E2883015A0041BEC8 /* Debug */,
				C7AB662F2883015A0041BEC8 /* Release */,
			);
			defaultConfigurationIsVisible = 0;
			defaultConfigurationName = Release;
		};
		C7AB66302883015A0041BEC8 /* Build configuration list for PBXNativeTarget "Clop" */ = {
			isa = XCConfigurationList;
			buildConfigurations = (
				C7AB66312883015A0041BEC8 /* Debug */,
				C7AB66322883015A0041BEC8 /* Release */,
			);
			defaultConfigurationIsVisible = 0;
			defaultConfigurationName = Release;
		};
/* End XCConfigurationList section */
	};
	rootObject = C7AB6619288301590041BEC8 /* Project object */;
}
