{
  "originHash" : "1a99977d939e4d6ca17e3a8c1ff472042797d425e6a9af61084a9bd4d6fe3335",
  "pins" : [
    {
      "identity" : "appreceiptvalidator",
      "kind" : "remoteSourceControl",
      "location" : "https://github.com/alin23/AppReceiptValidator.git",
      "state" : {
        "revision" : "e35794a03103839e024f71534e263310038c930d",
        "version" : "1.2.0"
      }
    },
    {
      "identity" : "asn1decoder",
      "kind" : "remoteSourceControl",
      "location" : "https://github.com/IdeasOnCanvas/ASN1Decoder",
      "state" : {
        "revision" : "1fa1e9c68c27cbed56e2a997605ae2e808cf4d98",
        "version" : "1.8.2"
      }
    },
    {
      "identity" : "defaults",
      "kind" : "remoteSourceControl",
      "location" : "https://github.com/sindresorhus/Defaults",
      "state" : {
        "revision" : "3efef5a28ebdbbe922d4a2049493733ed14475a6",
        "version" : "7.3.1"
      }
    },
    {
      "identity" : "dynamiccolor",
      "kind" : "remoteSourceControl",
      "location" : "https://github.com/yannickl/DynamicColor",
      "state" : {
        "revision" : "d9beca13ca85baa50ee29832d0db5129fba69630",
        "version" : "5.0.1"
      }
    },
    {
      "identity" : "fsevents",
      "kind" : "remoteSourceControl",
      "location" : "https://github.com/eonil/FSEvents",
      "state" : {
        "revision" : "e6b7cdfa2754454e194a45ee6c2004d0f630fe88",
        "version" : "0.1.7"
      }
    },
    {
      "identity" : "launchatlogin-modern",
      "kind" : "remoteSourceControl",
      "location" : "https://github.com/sindresorhus/LaunchAtLogin-Modern",
      "state" : {
        "revision" : "a04ec1c363be3627734f6dad757d82f5d4fa8fcc",
        "version" : "1.1.0"
      }
    },
    {
      "identity" : "lowtech",
      "kind" : "remoteSourceControl",
      "location" : "https://github.com/FuzzyIdeas/Lowtech",
      "state" : {
        "branch" : "ventura",
        "revision" : "1c5bb48293f33580f4786facaf678cbbec892a61"
      }
    },
    {
      "identity" : "magnet",
      "kind" : "remoteSourceControl",
      "location" : "https://github.com/alin23/Magnet",
      "state" : {
        "revision" : "45cadc3e5f95d33bddea532886370d09257af45d",
        "version" : "4.1.2"
      }
    },
    {
      "identity" : "paddlespm",
      "kind" : "remoteSourceControl",
      "location" : "https://github.com/alin23/PaddleSPM",
      "state" : {
        "revision" : "d5446f4274ed2f01701758f40c9253b93fc43dd9",
        "version" : "4.4.3"
      }
    },
    {
      "identity" : "sauce",
      "kind" : "remoteSourceControl",
      "location" : "https://github.com/Clipy/Sauce",
      "state" : {
        "revision" : "2fcf7e43a242b183fdea3f2275ebec0d773b65f5",
        "version" : "2.2.0"
      }
    },
    {
      "identity" : "sentry-cocoa",
      "kind" : "remoteSourceControl",
      "location" : "https://github.com/getsentry/sentry-cocoa",
      "state" : {
        "revision" : "56bfb7e723c76614be4c0861ee820ccbaed14c6d",
        "version" : "8.41.0"
      }
    },
    {
      "identity" : "setapp-framework",
      "kind" : "remoteSourceControl",
      "location" : "https://github.com/MacPaw/Setapp-framework",
      "state" : {
        "revision" : "325aba75c006be6726420907eeb242a35f180e91",
        "version" : "4.2.2"
      }
    },
    {
      "identity" : "sparkle",
      "kind" : "remoteSourceControl",
      "location" : "https://github.com/sparkle-project/Sparkle",
      "state" : {
        "revision" : "0ef1ee0220239b3776f433314515fd849025673f",
        "version" : "2.6.4"
      }
    },
    {
      "identity" : "swift-argument-parser",
      "kind" : "remoteSourceControl",
      "location" : "https://github.com/apple/swift-argument-parser.git",
      "state" : {
        "revision" : "41982a3656a71c768319979febd796c6fd111d5c",
        "version" : "1.5.0"
      }
    },
    {
      "identity" : "swift-atomics",
      "kind" : "remoteSourceControl",
      "location" : "https://github.com/apple/swift-atomics",
      "state" : {
        "revision" : "cd142fd2f64be2100422d658e7411e39489da985",
        "version" : "1.2.0"
      }
    },
    {
      "identity" : "swift-crypto",
      "kind" : "remoteSourceControl",
      "location" : "https://github.com/apple/swift-crypto",
      "state" : {
        "revision" : "60f13f60c4d093691934dc6cfdf5f508ada1f894",
        "version" : "2.6.0"
      }
    },
    {
      "identity" : "swift-ignore",
      "kind" : "remoteSourceControl",
      "location" : "https://github.com/alin23/swift-ignore",
      "state" : {
        "revision" : "5251460883d087a4145d68a04c6c7d7ac238b03f",
        "version" : "0.1.2"
      }
    },
    {
      "identity" : "swiftdate",
      "kind" : "remoteSourceControl",
      "location" : "https://github.com/malcommac/SwiftDate",
      "state" : {
        "revision" : "5d943224c3bb173e6ecf27295611615eba90c80e",
        "version" : "7.0.0"
      }
    },
    {
      "identity" : "swiftui-system-colors",
      "kind" : "remoteSourceControl",
      "location" : "https://github.com/diniska/swiftui-system-colors",
      "state" : {
        "revision" : "5127afab23337699a714e036588f02d9481ae612",
        "version" : "1.2.0"
      }
    },
    {
      "identity" : "symbolpicker",
      "kind" : "remoteSourceControl",
      "location" : "https://github.com/alin23/SymbolPicker",
      "state" : {
        "revision" : "10e1f1c24354711baa14780b7fdcdb83fcbdbc7e",
        "version" : "2.0.1"
      }
    }
  ],
  "version" : 3
}
