{
  "originHash" : "53ab27e2aa36fe5d1228d593d0c9fa0ec2f87b33a13c137a1e35ff924ba88a00",
  "pins" : [
    {
      "identity" : "appreceiptvalidator",
      "kind" : "remoteSourceControl",
      "location" : "https://github.com/alin23/AppReceiptValidator",
      "state" : {
        "revision" : "e35794a03103839e024f71534e263310038c930d",
        "version" : "1.2.0"
      }
    },
    {
      "identity" : "asn1decoder",
      "kind" : "remoteSourceControl",
      "location" : "https://github.com/IdeasOnCanvas/ASN1Decoder",
      "state" : {
        "revision" : "1fa1e9c68c27cbed56e2a997605ae2e808cf4d98",
        "version" : "1.8.2"
      }
    },
    {
      "identity" : "defaults",
      "kind" : "remoteSourceControl",
      "location" : "https://github.com/sindresorhus/Defaults",
      "state" : {
        "revision" : "5bfac4928f000fabdbef7e4ed0251399bb0841c9",
        "version" : "9.0.8"
      }
    },
    {
      "identity" : "dynamiccolor",
      "kind" : "remoteSourceControl",
      "location" : "https://github.com/yannickl/DynamicColor",
      "state" : {
        "revision" : "d9beca13ca85baa50ee29832d0db5129fba69630",
        "version" : "5.0.1"
      }
    },
    {
      "identity" : "jxl-coder-swift",
      "kind" : "remoteSourceControl",
      "location" : "https://github.com/awxkee/jxl-coder-swift",
      "state" : {
        "revision" : "617f566af9c0529d1c3e557fe667ff9b47b68d90",
        "version" : "1.9.1"
      }
    },
    {
      "identity" : "launchatlogin-modern",
      "kind" : "remoteSourceControl",
      "location" : "https://github.com/sindresorhus/LaunchAtLogin-Modern",
      "state" : {
        "revision" : "a04ec1c363be3627734f6dad757d82f5d4fa8fcc",
        "version" : "1.1.0"
      }
    },
    {
      "identity" : "lowtech",
      "kind" : "remoteSourceControl",
      "location" : "https://github.com/FuzzyIdeas/Lowtech",
      "state" : {
        "branch" : "ventura",
        "revision" : "a35a61309f8214bc9b9a577fdb9ab50ea7c162f7"
      }
    },
    {
      "identity" : "magnet",
      "kind" : "remoteSourceControl",
      "location" : "https://github.com/alin23/Magnet",
      "state" : {
        "revision" : "b39cadbeb201410be333db2373d3be2bd7c27a69",
        "version" : "4.1.3"
      }
    },
    {
      "identity" : "paddlespm",
      "kind" : "remoteSourceControl",
      "location" : "https://github.com/alin23/PaddleSPM",
      "state" : {
        "revision" : "d5446f4274ed2f01701758f40c9253b93fc43dd9",
        "version" : "4.4.3"
      }
    },
    {
      "identity" : "sauce",
      "kind" : "remoteSourceControl",
      "location" : "https://github.com/Clipy/Sauce",
      "state" : {
        "revision" : "2fcf7e43a242b183fdea3f2275ebec0d773b65f5",
        "version" : "2.2.0"
      }
    },
    {
      "identity" : "sentry-cocoa",
      "kind" : "remoteSourceControl",
      "location" : "https://github.com/getsentry/sentry-cocoa",
      "state" : {
        "revision" : "2c420d31d0c31b525fa9e7c552ef0fc9d924befc",
        "version" : "9.17.1"
      }
    },
    {
      "identity" : "sparkle",
      "kind" : "remoteSourceControl",
      "location" : "https://github.com/sparkle-project/Sparkle",
      "state" : {
        "revision" : "d46d456107feacc80711b21847b82b07bd9fb46e",
        "version" : "2.9.3"
      }
    },
    {
      "identity" : "swift-argument-parser",
      "kind" : "remoteSourceControl",
      "location" : "https://github.com/apple/swift-argument-parser.git",
      "state" : {
        "revision" : "6a52f3251125d74daf04fcbd5e6f08a75d074382",
        "version" : "1.8.2"
      }
    },
    {
      "identity" : "swift-atomics",
      "kind" : "remoteSourceControl",
      "location" : "https://github.com/apple/swift-atomics",
      "state" : {
        "revision" : "b601256eab081c0f92f059e12818ac1d4f178ff7",
        "version" : "1.3.0"
      }
    },
    {
      "identity" : "swift-crypto",
      "kind" : "remoteSourceControl",
      "location" : "https://github.com/apple/swift-crypto",
      "state" : {
        "revision" : "60f13f60c4d093691934dc6cfdf5f508ada1f894",
        "version" : "2.6.0"
      }
    },
    {
      "identity" : "swift-ignore",
      "kind" : "remoteSourceControl",
      "location" : "https://github.com/alin23/swift-ignore",
      "state" : {
        "revision" : "4fc142964621eda7835a4524e567388f5ef6f1a0",
        "version" : "0.1.4"
      }
    },
    {
      "identity" : "swift-syntax",
      "kind" : "remoteSourceControl",
      "location" : "https://github.com/swiftlang/swift-syntax",
      "state" : {
        "revision" : "79e4b74a295b6eb74a8b585e3a39d29e70c1dbd1",
        "version" : "603.0.2"
      }
    },
    {
      "identity" : "swiftdate",
      "kind" : "remoteSourceControl",
      "location" : "https://github.com/malcommac/SwiftDate",
      "state" : {
        "revision" : "5d943224c3bb173e6ecf27295611615eba90c80e",
        "version" : "7.0.0"
      }
    },
    {
      "identity" : "swiftui-system-colors",
      "kind" : "remoteSourceControl",
      "location" : "https://github.com/diniska/swiftui-system-colors",
      "state" : {
        "revision" : "5127afab23337699a714e036588f02d9481ae612",
        "version" : "1.2.0"
      }
    },
    {
      "identity" : "symbolpicker",
      "kind" : "remoteSourceControl",
      "location" : "https://github.com/alin23/SymbolPicker",
      "state" : {
        "revision" : "10e1f1c24354711baa14780b7fdcdb83fcbdbc7e",
        "version" : "2.0.1"
      }
    },
    {
      "identity" : "webrtc",
      "kind" : "remoteSourceControl",
      "location" : "https://github.com/stasel/WebRTC.git",
      "state" : {
        "revision" : "1048f8396529c10e259f8240d0c2cd607a13defd",
        "version" : "130.0.0"
      }
    }
  ],
  "version" : 3
}
