{
  "pins" : [
    {
      "identity" : "appreceiptvalidator",
      "kind" : "remoteSourceControl",
      "location" : "https://github.com/alin23/AppReceiptValidator.git",
      "state" : {
        "revision" : "46930f601a0626e9eaa6810721d75c651b726755",
        "version" : "1.1.4"
      }
    },
    {
      "identity" : "asn1decoder",
      "kind" : "remoteSourceControl",
      "location" : "https://github.com/IdeasOnCanvas/ASN1Decoder",
      "state" : {
        "revision" : "1fa1e9c68c27cbed56e2a997605ae2e808cf4d98",
        "version" : "1.8.2"
      }
    },
    {
      "identity" : "defaults",
      "kind" : "remoteSourceControl",
      "location" : "https://github.com/sindresorhus/Defaults",
      "state" : {
        "revision" : "3efef5a28ebdbbe922d4a2049493733ed14475a6",
        "version" : "7.3.1"
      }
    },
    {
      "identity" : "dynamiccolor",
      "kind" : "remoteSourceControl",
      "location" : "https://github.com/yannickl/DynamicColor",
      "state" : {
        "revision" : "d9beca13ca85baa50ee29832d0db5129fba69630",
        "version" : "5.0.1"
      }
    },
    {
      "identity" : "fsevents",
      "kind" : "remoteSourceControl",
      "location" : "https://github.com/eonil/FSEvents",
      "state" : {
        "revision" : "e6b7cdfa2754454e194a45ee6c2004d0f630fe88",
        "version" : "0.1.7"
      }
    },
    {
      "identity" : "launchatlogin-modern",
      "kind" : "remoteSourceControl",
      "location" : "https://github.com/sindresorhus/LaunchAtLogin-Modern",
      "state" : {
        "revision" : "638e6c426b8d113eae255baeba59ed2d9d9a7c4d",
        "version" : "1.0.0"
      }
    },
    {
      "identity" : "magnet",
      "kind" : "remoteSourceControl",
      "location" : "https://github.com/alin23/Magnet",
      "state" : {
        "revision" : "c7db1c83f6a53a85bce2be8e3d32d49980a396a3",
        "version" : "4.0.1"
      }
    },
    {
      "identity" : "paddlespm",
      "kind" : "remoteSourceControl",
      "location" : "https://github.com/alin23/PaddleSPM",
      "state" : {
        "revision" : "de273d843db477a7e2aaeb5971996b118f410f9f",
        "version" : "4.4.1"
      }
    },
    {
      "identity" : "sauce",
      "kind" : "remoteSourceControl",
      "location" : "https://github.com/Clipy/Sauce",
      "state" : {
        "revision" : "2fcf7e43a242b183fdea3f2275ebec0d773b65f5",
        "version" : "2.2.0"
      }
    },
    {
      "identity" : "sentry-cocoa",
      "kind" : "remoteSourceControl",
      "location" : "https://github.com/getsentry/sentry-cocoa",
      "state" : {
        "revision" : "008325304ada69fa32aa7aeba967b65984f30569",
        "version" : "8.14.2"
      }
    },
    {
      "identity" : "setapp-framework",
      "kind" : "remoteSourceControl",
      "location" : "https://github.com/MacPaw/Setapp-framework",
      "state" : {
        "revision" : "ccf16df5367638a9775d804c9ba789d59bee9fe5",
        "version" : "4.0.0"
      }
    },
    {
      "identity" : "sparkle",
      "kind" : "remoteSourceControl",
      "location" : "https://github.com/sparkle-project/Sparkle",
      "state" : {
        "revision" : "1f07f4096e52f19b5e7abaa697b7fc592b7ff57c",
        "version" : "2.5.1"
      }
    },
    {
      "identity" : "swift-argument-parser",
      "kind" : "remoteSourceControl",
      "location" : "https://github.com/apple/swift-argument-parser.git",
      "state" : {
        "revision" : "8f4d2753f0e4778c76d5f05ad16c74f707390531",
        "version" : "1.2.3"
      }
    },
    {
      "identity" : "swift-atomics",
      "kind" : "remoteSourceControl",
      "location" : "https://github.com/apple/swift-atomics",
      "state" : {
        "revision" : "cd142fd2f64be2100422d658e7411e39489da985",
        "version" : "1.2.0"
      }
    },
    {
      "identity" : "swift-crypto",
      "kind" : "remoteSourceControl",
      "location" : "https://github.com/apple/swift-crypto",
      "state" : {
        "revision" : "ddb07e896a2a8af79512543b1c7eb9797f8898a5",
        "version" : "1.1.7"
      }
    },
    {
      "identity" : "swift-ignore",
      "kind" : "remoteSourceControl",
      "location" : "https://github.com/alin23/swift-ignore",
      "state" : {
        "revision" : "5251460883d087a4145d68a04c6c7d7ac238b03f",
        "version" : "0.1.2"
      }
    },
    {
      "identity" : "swiftdate",
      "kind" : "remoteSourceControl",
      "location" : "https://github.com/malcommac/SwiftDate",
      "state" : {
        "revision" : "5d943224c3bb173e6ecf27295611615eba90c80e",
        "version" : "7.0.0"
      }
    },
    {
      "identity" : "swiftui-system-colors",
      "kind" : "remoteSourceControl",
      "location" : "https://github.com/diniska/swiftui-system-colors",
      "state" : {
        "revision" : "5127afab23337699a714e036588f02d9481ae612",
        "version" : "1.2.0"
      }
    }
  ],
  "version" : 2
}
